// !$*UTF8*$!
{
	archiveVersion = 1;
	classes = {
	};
	objectVersion = 56;
	objects = {

/* Begin PBXBuildFile section */
		170EC3ED2C45B80100EBF44D /* DiaryReminderSubView.swift in Sources */ = {isa = PBXBuildFile; fileRef = 170EC3EC2C45B80100EBF44D /* DiaryReminderSubView.swift */; };
		171B8F472C5AA8930016FAA4 /* AvatarWidgetView.swift in Sources */ = {isa = PBXBuildFile; fileRef = 171B8F462C5AA8930016FAA4 /* AvatarWidgetView.swift */; };
		171B8F482C5AA8B20016FAA4 /* AvatarWidgetView.swift in Sources */ = {isa = PBXBuildFile; fileRef = 171B8F462C5AA8930016FAA4 /* AvatarWidgetView.swift */; };
		1726F6FA2CBDA025004D6ACB /* AboutCarbonsaurusView.swift in Sources */ = {isa = PBXBuildFile; fileRef = 1726F6F92CBDA025004D6ACB /* AboutCarbonsaurusView.swift */; };
		172DAE2E2B8B83240050895B /* ViewModel.swift in Sources */ = {isa = PBXBuildFile; fileRef = 172DAE2D2B8B83240050895B /* ViewModel.swift */; };
		172DAE302B8B8D9B0050895B /* ChangeAvatarView.swift in Sources */ = {isa = PBXBuildFile; fileRef = 172DAE2F2B8B8D9B0050895B /* ChangeAvatarView.swift */; };
		172DAE342B8B9A0E0050895B /* StatsView.swift in Sources */ = {isa = PBXBuildFile; fileRef = 172DAE332B8B9A0E0050895B /* StatsView.swift */; };
		174A3DFB2C5AA6C50041F19A /* AvatarView.swift in Sources */ = {isa = PBXBuildFile; fileRef = 174A3DFA2C5AA6C50041F19A /* AvatarView.swift */; };
		1750E8352C4C7CDF00BCE6CA /* ShopItemSubView.swift in Sources */ = {isa = PBXBuildFile; fileRef = 1750E8342C4C7CDF00BCE6CA /* ShopItemSubView.swift */; };
		1756D91C2CBEB4B100687A47 /* Tutorial.swift in Sources */ = {isa = PBXBuildFile; fileRef = 1756D91B2CBEB4B100687A47 /* Tutorial.swift */; };
		176761212B8A8017001EC050 /* CarbonsaurusApp.swift in Sources */ = {isa = PBXBuildFile; fileRef = 176761202B8A8017001EC050 /* CarbonsaurusApp.swift */; };
		176761252B8A8018001EC050 /* Assets.xcassets in Resources */ = {isa = PBXBuildFile; fileRef = 176761242B8A8018001EC050 /* Assets.xcassets */; };
		176761282B8A8018001EC050 /* Preview Assets.xcassets in Resources */ = {isa = PBXBuildFile; fileRef = 176761272B8A8018001EC050 /* Preview Assets.xcassets */; };
		176761322B8A8018001EC050 /* CarbonsaurusTests.swift in Sources */ = {isa = PBXBuildFile; fileRef = 176761312B8A8018001EC050 /* CarbonsaurusTests.swift */; };
		1767613C2B8A8018001EC050 /* CarbonsaurusUITests.swift in Sources */ = {isa = PBXBuildFile; fileRef = 1767613B2B8A8018001EC050 /* CarbonsaurusUITests.swift */; };
		1767613E2B8A8018001EC050 /* CarbonsaurusUITestsLaunchTests.swift in Sources */ = {isa = PBXBuildFile; fileRef = 1767613D2B8A8018001EC050 /* CarbonsaurusUITestsLaunchTests.swift */; };
		1767614D2B8A8CC6001EC050 /* ProfileTab.swift in Sources */ = {isa = PBXBuildFile; fileRef = 1767614C2B8A8CC6001EC050 /* ProfileTab.swift */; };
		1767614F2B8A8CD0001EC050 /* DiaryTab.swift in Sources */ = {isa = PBXBuildFile; fileRef = 1767614E2B8A8CD0001EC050 /* DiaryTab.swift */; };
		176761532B8A8CE4001EC050 /* FeedTab.swift in Sources */ = {isa = PBXBuildFile; fileRef = 176761522B8A8CE4001EC050 /* FeedTab.swift */; };
		176761552B8A8CEF001EC050 /* DiaryEntrySubView.swift in Sources */ = {isa = PBXBuildFile; fileRef = 176761542B8A8CEF001EC050 /* DiaryEntrySubView.swift */; };
		176761572B8A8CFB001EC050 /* NewsComponent.swift in Sources */ = {isa = PBXBuildFile; fileRef = 176761562B8A8CFB001EC050 /* NewsComponent.swift */; };
		1767615A2B8AA267001EC050 /* Diary.swift in Sources */ = {isa = PBXBuildFile; fileRef = 176761592B8AA267001EC050 /* Diary.swift */; };
		1767615C2B8AA2AA001EC050 /* DiaryCreatorView.swift in Sources */ = {isa = PBXBuildFile; fileRef = 1767615B2B8AA2AA001EC050 /* DiaryCreatorView.swift */; };
		176761622B8ADBBB001EC050 /* User.swift in Sources */ = {isa = PBXBuildFile; fileRef = 176761612B8ADBBB001EC050 /* User.swift */; };
		176761662B8B15AF001EC050 /* Onboarding.swift in Sources */ = {isa = PBXBuildFile; fileRef = 176761652B8B15AF001EC050 /* Onboarding.swift */; };
		176761692B8B1FFB001EC050 /* DiaryView.swift in Sources */ = {isa = PBXBuildFile; fileRef = 176761682B8B1FFB001EC050 /* DiaryView.swift */; };
		1767616B2B8B5518001EC050 /* QuizSubView.swift in Sources */ = {isa = PBXBuildFile; fileRef = 1767616A2B8B5518001EC050 /* QuizSubView.swift */; };
		1767616D2B8B5679001EC050 /* Quiz.swift in Sources */ = {isa = PBXBuildFile; fileRef = 1767616C2B8B5679001EC050 /* Quiz.swift */; };
		1767616F2B8B5736001EC050 /* QuizView.swift in Sources */ = {isa = PBXBuildFile; fileRef = 1767616E2B8B5736001EC050 /* QuizView.swift */; };
		177467BF2C66751000461C3E /* AppDelegate.swift in Sources */ = {isa = PBXBuildFile; fileRef = 177467BE2C66751000461C3E /* AppDelegate.swift */; };
		177ACA4D2C4B04B4003666BE /* BuyShopItemView.swift in Sources */ = {isa = PBXBuildFile; fileRef = 177ACA4C2C4B04B4003666BE /* BuyShopItemView.swift */; };
		17B568FE2C41BB65003F7B43 /* LessonSubView.swift in Sources */ = {isa = PBXBuildFile; fileRef = 17B568FD2C41BB65003F7B43 /* LessonSubView.swift */; };
		17C52ABF2BF00CC40034540E /* DataModel.swift in Sources */ = {isa = PBXBuildFile; fileRef = 17C52ABE2BF00CC40034540E /* DataModel.swift */; };
		17F786772BF3EBEE00B9FA52 /* UpdateAveragesView.swift in Sources */ = {isa = PBXBuildFile; fileRef = 17F786762BF3EBEE00B9FA52 /* UpdateAveragesView.swift */; };
		17F786792BF4077600B9FA52 /* ShopTab.swift in Sources */ = {isa = PBXBuildFile; fileRef = 17F786782BF4077600B9FA52 /* ShopTab.swift */; };
		17F786812BF52B7E00B9FA52 /* Avatar.swift in Sources */ = {isa = PBXBuildFile; fileRef = 17F786802BF52B7E00B9FA52 /* Avatar.swift */; };
		C4197E952C57513D0094BFE2 /* Avatar.swift in Sources */ = {isa = PBXBuildFile; fileRef = 17F786802BF52B7E00B9FA52 /* Avatar.swift */; };
		C4197E962C57513D0094BFE2 /* Util.swift in Sources */ = {isa = PBXBuildFile; fileRef = C492E6A42B8AD74400969486 /* Util.swift */; };
		C4197E972C57513D0094BFE2 /* DataModel.swift in Sources */ = {isa = PBXBuildFile; fileRef = 17C52ABE2BF00CC40034540E /* DataModel.swift */; };
		C4197E992C57513D0094BFE2 /* Quiz.swift in Sources */ = {isa = PBXBuildFile; fileRef = 1767616C2B8B5679001EC050 /* Quiz.swift */; };
		C4197E9A2C57513D0094BFE2 /* Diary.swift in Sources */ = {isa = PBXBuildFile; fileRef = 176761592B8AA267001EC050 /* Diary.swift */; };
		C4197E9B2C57513D0094BFE2 /* User.swift in Sources */ = {isa = PBXBuildFile; fileRef = 176761612B8ADBBB001EC050 /* User.swift */; };
		C4197E9C2C57513D0094BFE2 /* ViewModel.swift in Sources */ = {isa = PBXBuildFile; fileRef = 172DAE2D2B8B83240050895B /* ViewModel.swift */; };
		C4197E9F2C5823790094BFE2 /* MediumWidgetView.swift in Sources */ = {isa = PBXBuildFile; fileRef = C4197E9E2C5823790094BFE2 /* MediumWidgetView.swift */; };
		C4197EA02C5824A80094BFE2 /* MediumWidgetView.swift in Sources */ = {isa = PBXBuildFile; fileRef = C4197E9E2C5823790094BFE2 /* MediumWidgetView.swift */; };
		C4197EA22C58265E0094BFE2 /* SmallWidgetView.swift in Sources */ = {isa = PBXBuildFile; fileRef = C4197EA12C58265E0094BFE2 /* SmallWidgetView.swift */; };
		C4197EA32C5826630094BFE2 /* SmallWidgetView.swift in Sources */ = {isa = PBXBuildFile; fileRef = C4197EA12C58265E0094BFE2 /* SmallWidgetView.swift */; };
		C45A9F762C5AA4BE001D81A6 /* SettingsView.swift in Sources */ = {isa = PBXBuildFile; fileRef = C45A9F752C5AA4BE001D81A6 /* SettingsView.swift */; };
		C492E6A32B8AA77F00969486 /* FeedService.swift in Sources */ = {isa = PBXBuildFile; fileRef = C492E6A22B8AA77F00969486 /* FeedService.swift */; };
		C492E6A52B8AD74400969486 /* Util.swift in Sources */ = {isa = PBXBuildFile; fileRef = C492E6A42B8AD74400969486 /* Util.swift */; };
		C492E6B72B8AF69D00969486 /* Shimmer in Frameworks */ = {isa = PBXBuildFile; productRef = C492E6B62B8AF69D00969486 /* Shimmer */; };
		C492E6B92B8AF70800969486 /* SkeletonNewsComponent.swift in Sources */ = {isa = PBXBuildFile; fileRef = C492E6B82B8AF70800969486 /* SkeletonNewsComponent.swift */; };
		C492E6BC2B8B0F6B00969486 /* SDWebImageSwiftUI in Frameworks */ = {isa = PBXBuildFile; productRef = C492E6BB2B8B0F6B00969486 /* SDWebImageSwiftUI */; };
		C4CFEF962B8B6226002AE026 /* TabBar.swift in Sources */ = {isa = PBXBuildFile; fileRef = C4CFEF952B8B6226002AE026 /* TabBar.swift */; };
		C4CFEFFD2B8B8CAD002AE026 /* WidgetKit.framework in Frameworks */ = {isa = PBXBuildFile; fileRef = C4CFEFFC2B8B8CAD002AE026 /* WidgetKit.framework */; };
		C4CFEFFF2B8B8CAD002AE026 /* SwiftUI.framework in Frameworks */ = {isa = PBXBuildFile; fileRef = C4CFEFFE2B8B8CAD002AE026 /* SwiftUI.framework */; };
		C4CFF0022B8B8CAD002AE026 /* CarbonsaurusWidgetBundle.swift in Sources */ = {isa = PBXBuildFile; fileRef = C4CFF0012B8B8CAD002AE026 /* CarbonsaurusWidgetBundle.swift */; };
		C4CFF0042B8B8CAD002AE026 /* CarbonsaurusWidgetLiveActivity.swift in Sources */ = {isa = PBXBuildFile; fileRef = C4CFF0032B8B8CAD002AE026 /* CarbonsaurusWidgetLiveActivity.swift */; };
		C4CFF0062B8B8CAD002AE026 /* CarbonsaurusWidget.swift in Sources */ = {isa = PBXBuildFile; fileRef = C4CFF0052B8B8CAD002AE026 /* CarbonsaurusWidget.swift */; };
		C4CFF0082B8B8CAD002AE026 /* AppIntent.swift in Sources */ = {isa = PBXBuildFile; fileRef = C4CFF0072B8B8CAD002AE026 /* AppIntent.swift */; };
		C4CFF00A2B8B8CAF002AE026 /* Assets.xcassets in Resources */ = {isa = PBXBuildFile; fileRef = C4CFF0092B8B8CAF002AE026 /* Assets.xcassets */; };
		C4CFF00E2B8B8CAF002AE026 /* CarbonsaurusWidgetExtension.appex in Embed Foundation Extensions */ = {isa = PBXBuildFile; fileRef = C4CFEFFA2B8B8CAD002AE026 /* CarbonsaurusWidgetExtension.appex */; settings = {ATTRIBUTES = (RemoveHeadersOnCopy, ); }; };
/* End PBXBuildFile section */

/* Begin PBXContainerItemProxy section */
		1767612E2B8A8018001EC050 /* PBXContainerItemProxy */ = {
			isa = PBXContainerItemProxy;
			containerPortal = 176761152B8A8017001EC050 /* Project object */;
			proxyType = 1;
			remoteGlobalIDString = 1767611C2B8A8017001EC050;
			remoteInfo = Carbonsaurus;
		};
		176761382B8A8018001EC050 /* PBXContainerItemProxy */ = {
			isa = PBXContainerItemProxy;
			containerPortal = 176761152B8A8017001EC050 /* Project object */;
			proxyType = 1;
			remoteGlobalIDString = 1767611C2B8A8017001EC050;
			remoteInfo = Carbonsaurus;
		};
		C4CFF00C2B8B8CAF002AE026 /* PBXContainerItemProxy */ = {
			isa = PBXContainerItemProxy;
			containerPortal = 176761152B8A8017001EC050 /* Project object */;
			proxyType = 1;
			remoteGlobalIDString = C4CFEFF92B8B8CAD002AE026;
			remoteInfo = CarbonsaurusWidgetExtension;
		};
/* End PBXContainerItemProxy section */

/* Begin PBXCopyFilesBuildPhase section */
		C4CFF00F2B8B8CAF002AE026 /* Embed Foundation Extensions */ = {
			isa = PBXCopyFilesBuildPhase;
			buildActionMask = 2147483647;
			dstPath = "";
			dstSubfolderSpec = 13;
			files = (
				C4CFF00E2B8B8CAF002AE026 /* CarbonsaurusWidgetExtension.appex in Embed Foundation Extensions */,
			);
			name = "Embed Foundation Extensions";
			runOnlyForDeploymentPostprocessing = 0;
		};
/* End PBXCopyFilesBuildPhase section */

/* Begin PBXFileReference section */
		170EC3EC2C45B80100EBF44D /* DiaryReminderSubView.swift */ = {isa = PBXFileReference; lastKnownFileType = sourcecode.swift; path = DiaryReminderSubView.swift; sourceTree = "<group>"; };
		171B8F462C5AA8930016FAA4 /* AvatarWidgetView.swift */ = {isa = PBXFileReference; fileEncoding = 4; lastKnownFileType = sourcecode.swift; path = AvatarWidgetView.swift; sourceTree = "<group>"; };
		1726F6F92CBDA025004D6ACB /* AboutCarbonsaurusView.swift */ = {isa = PBXFileReference; lastKnownFileType = sourcecode.swift; path = AboutCarbonsaurusView.swift; sourceTree = "<group>"; };
		172DAE2D2B8B83240050895B /* ViewModel.swift */ = {isa = PBXFileReference; lastKnownFileType = sourcecode.swift; path = ViewModel.swift; sourceTree = "<group>"; };
		172DAE2F2B8B8D9B0050895B /* ChangeAvatarView.swift */ = {isa = PBXFileReference; lastKnownFileType = sourcecode.swift; path = ChangeAvatarView.swift; sourceTree = "<group>"; };
		172DAE332B8B9A0E0050895B /* StatsView.swift */ = {isa = PBXFileReference; lastKnownFileType = sourcecode.swift; path = StatsView.swift; sourceTree = "<group>"; };
		174A3DFA2C5AA6C50041F19A /* AvatarView.swift */ = {isa = PBXFileReference; fileEncoding = 4; lastKnownFileType = sourcecode.swift; path = AvatarView.swift; sourceTree = "<group>"; };
		1750E8342C4C7CDF00BCE6CA /* ShopItemSubView.swift */ = {isa = PBXFileReference; lastKnownFileType = sourcecode.swift; path = ShopItemSubView.swift; sourceTree = "<group>"; };
		1756D91B2CBEB4B100687A47 /* Tutorial.swift */ = {isa = PBXFileReference; lastKnownFileType = sourcecode.swift; path = Tutorial.swift; sourceTree = "<group>"; };
		1767611D2B8A8017001EC050 /* Carbonsaurus.app */ = {isa = PBXFileReference; explicitFileType = wrapper.application; includeInIndex = 0; path = Carbonsaurus.app; sourceTree = BUILT_PRODUCTS_DIR; };
		176761202B8A8017001EC050 /* CarbonsaurusApp.swift */ = {isa = PBXFileReference; lastKnownFileType = sourcecode.swift; path = CarbonsaurusApp.swift; sourceTree = "<group>"; };
		176761242B8A8018001EC050 /* Assets.xcassets */ = {isa = PBXFileReference; lastKnownFileType = folder.assetcatalog; path = Assets.xcassets; sourceTree = "<group>"; };
		176761272B8A8018001EC050 /* Preview Assets.xcassets */ = {isa = PBXFileReference; lastKnownFileType = folder.assetcatalog; path = "Preview Assets.xcassets"; sourceTree = "<group>"; };
		1767612D2B8A8018001EC050 /* CarbonsaurusTests.xctest */ = {isa = PBXFileReference; explicitFileType = wrapper.cfbundle; includeInIndex = 0; path = CarbonsaurusTests.xctest; sourceTree = BUILT_PRODUCTS_DIR; };
		176761312B8A8018001EC050 /* CarbonsaurusTests.swift */ = {isa = PBXFileReference; lastKnownFileType = sourcecode.swift; path = CarbonsaurusTests.swift; sourceTree = "<group>"; };
		176761372B8A8018001EC050 /* CarbonsaurusUITests.xctest */ = {isa = PBXFileReference; explicitFileType = wrapper.cfbundle; includeInIndex = 0; path = CarbonsaurusUITests.xctest; sourceTree = BUILT_PRODUCTS_DIR; };
		1767613B2B8A8018001EC050 /* CarbonsaurusUITests.swift */ = {isa = PBXFileReference; lastKnownFileType = sourcecode.swift; path = CarbonsaurusUITests.swift; sourceTree = "<group>"; };
		1767613D2B8A8018001EC050 /* CarbonsaurusUITestsLaunchTests.swift */ = {isa = PBXFileReference; lastKnownFileType = sourcecode.swift; path = CarbonsaurusUITestsLaunchTests.swift; sourceTree = "<group>"; };
		1767614C2B8A8CC6001EC050 /* ProfileTab.swift */ = {isa = PBXFileReference; lastKnownFileType = sourcecode.swift; path = ProfileTab.swift; sourceTree = "<group>"; };
		1767614E2B8A8CD0001EC050 /* DiaryTab.swift */ = {isa = PBXFileReference; lastKnownFileType = sourcecode.swift; path = DiaryTab.swift; sourceTree = "<group>"; };
		176761522B8A8CE4001EC050 /* FeedTab.swift */ = {isa = PBXFileReference; lastKnownFileType = sourcecode.swift; path = FeedTab.swift; sourceTree = "<group>"; };
		176761542B8A8CEF001EC050 /* DiaryEntrySubView.swift */ = {isa = PBXFileReference; lastKnownFileType = sourcecode.swift; path = DiaryEntrySubView.swift; sourceTree = "<group>"; };
		176761562B8A8CFB001EC050 /* NewsComponent.swift */ = {isa = PBXFileReference; lastKnownFileType = sourcecode.swift; path = NewsComponent.swift; sourceTree = "<group>"; };
		176761592B8AA267001EC050 /* Diary.swift */ = {isa = PBXFileReference; lastKnownFileType = sourcecode.swift; path = Diary.swift; sourceTree = "<group>"; };
		1767615B2B8AA2AA001EC050 /* DiaryCreatorView.swift */ = {isa = PBXFileReference; lastKnownFileType = sourcecode.swift; path = DiaryCreatorView.swift; sourceTree = "<group>"; };
		176761612B8ADBBB001EC050 /* User.swift */ = {isa = PBXFileReference; lastKnownFileType = sourcecode.swift; path = User.swift; sourceTree = "<group>"; };
		176761652B8B15AF001EC050 /* Onboarding.swift */ = {isa = PBXFileReference; lastKnownFileType = sourcecode.swift; path = Onboarding.swift; sourceTree = "<group>"; };
		176761682B8B1FFB001EC050 /* DiaryView.swift */ = {isa = PBXFileReference; lastKnownFileType = sourcecode.swift; path = DiaryView.swift; sourceTree = "<group>"; };
		1767616A2B8B5518001EC050 /* QuizSubView.swift */ = {isa = PBXFileReference; lastKnownFileType = sourcecode.swift; path = QuizSubView.swift; sourceTree = "<group>"; };
		1767616C2B8B5679001EC050 /* Quiz.swift */ = {isa = PBXFileReference; lastKnownFileType = sourcecode.swift; path = Quiz.swift; sourceTree = "<group>"; };
		1767616E2B8B5736001EC050 /* QuizView.swift */ = {isa = PBXFileReference; lastKnownFileType = sourcecode.swift; path = QuizView.swift; sourceTree = "<group>"; };
		177467BE2C66751000461C3E /* AppDelegate.swift */ = {isa = PBXFileReference; lastKnownFileType = sourcecode.swift; path = AppDelegate.swift; sourceTree = "<group>"; };
		177ACA4C2C4B04B4003666BE /* BuyShopItemView.swift */ = {isa = PBXFileReference; lastKnownFileType = sourcecode.swift; path = BuyShopItemView.swift; sourceTree = "<group>"; };
		17B568FD2C41BB65003F7B43 /* LessonSubView.swift */ = {isa = PBXFileReference; lastKnownFileType = sourcecode.swift; path = LessonSubView.swift; sourceTree = "<group>"; };
		17C52ABE2BF00CC40034540E /* DataModel.swift */ = {isa = PBXFileReference; lastKnownFileType = sourcecode.swift; path = DataModel.swift; sourceTree = "<group>"; };
		17F786732BF3E3FD00B9FA52 /* Info.plist */ = {isa = PBXFileReference; lastKnownFileType = text.plist; path = Info.plist; sourceTree = "<group>"; };
		17F786762BF3EBEE00B9FA52 /* UpdateAveragesView.swift */ = {isa = PBXFileReference; lastKnownFileType = sourcecode.swift; path = UpdateAveragesView.swift; sourceTree = "<group>"; };
		17F786782BF4077600B9FA52 /* ShopTab.swift */ = {isa = PBXFileReference; lastKnownFileType = sourcecode.swift; path = ShopTab.swift; sourceTree = "<group>"; };
		17F786802BF52B7E00B9FA52 /* Avatar.swift */ = {isa = PBXFileReference; lastKnownFileType = sourcecode.swift; path = Avatar.swift; sourceTree = "<group>"; };
		C40808C52C52096D0015F936 /* Carbonsaurus.entitlements */ = {isa = PBXFileReference; lastKnownFileType = text.plist.entitlements; path = Carbonsaurus.entitlements; sourceTree = "<group>"; };
		C4197E8F2C57499E0094BFE2 /* CarbonsaurusWidgetExtension.entitlements */ = {isa = PBXFileReference; lastKnownFileType = text.plist.entitlements; path = CarbonsaurusWidgetExtension.entitlements; sourceTree = "<group>"; };
		C4197E9E2C5823790094BFE2 /* MediumWidgetView.swift */ = {isa = PBXFileReference; lastKnownFileType = sourcecode.swift; path = MediumWidgetView.swift; sourceTree = "<group>"; };
		C4197EA12C58265E0094BFE2 /* SmallWidgetView.swift */ = {isa = PBXFileReference; lastKnownFileType = sourcecode.swift; path = SmallWidgetView.swift; sourceTree = "<group>"; };
		C45A9F752C5AA4BE001D81A6 /* SettingsView.swift */ = {isa = PBXFileReference; fileEncoding = 4; lastKnownFileType = sourcecode.swift; path = SettingsView.swift; sourceTree = "<group>"; };
		C492E6A22B8AA77F00969486 /* FeedService.swift */ = {isa = PBXFileReference; lastKnownFileType = sourcecode.swift; path = FeedService.swift; sourceTree = "<group>"; };
		C492E6A42B8AD74400969486 /* Util.swift */ = {isa = PBXFileReference; lastKnownFileType = sourcecode.swift; path = Util.swift; sourceTree = "<group>"; };
		C492E6B82B8AF70800969486 /* SkeletonNewsComponent.swift */ = {isa = PBXFileReference; lastKnownFileType = sourcecode.swift; path = SkeletonNewsComponent.swift; sourceTree = "<group>"; };
		C4CFEF952B8B6226002AE026 /* TabBar.swift */ = {isa = PBXFileReference; lastKnownFileType = sourcecode.swift; path = TabBar.swift; sourceTree = "<group>"; };
		C4CFEFFA2B8B8CAD002AE026 /* CarbonsaurusWidgetExtension.appex */ = {isa = PBXFileReference; explicitFileType = "wrapper.app-extension"; includeInIndex = 0; path = CarbonsaurusWidgetExtension.appex; sourceTree = BUILT_PRODUCTS_DIR; };
		C4CFEFFC2B8B8CAD002AE026 /* WidgetKit.framework */ = {isa = PBXFileReference; lastKnownFileType = wrapper.framework; name = WidgetKit.framework; path = System/Library/Frameworks/WidgetKit.framework; sourceTree = SDKROOT; };
		C4CFEFFE2B8B8CAD002AE026 /* SwiftUI.framework */ = {isa = PBXFileReference; lastKnownFileType = wrapper.framework; name = SwiftUI.framework; path = System/Library/Frameworks/SwiftUI.framework; sourceTree = SDKROOT; };
		C4CFF0012B8B8CAD002AE026 /* CarbonsaurusWidgetBundle.swift */ = {isa = PBXFileReference; lastKnownFileType = sourcecode.swift; path = CarbonsaurusWidgetBundle.swift; sourceTree = "<group>"; };
		C4CFF0032B8B8CAD002AE026 /* CarbonsaurusWidgetLiveActivity.swift */ = {isa = PBXFileReference; lastKnownFileType = sourcecode.swift; path = CarbonsaurusWidgetLiveActivity.swift; sourceTree = "<group>"; };
		C4CFF0052B8B8CAD002AE026 /* CarbonsaurusWidget.swift */ = {isa = PBXFileReference; lastKnownFileType = sourcecode.swift; path = CarbonsaurusWidget.swift; sourceTree = "<group>"; };
		C4CFF0072B8B8CAD002AE026 /* AppIntent.swift */ = {isa = PBXFileReference; lastKnownFileType = sourcecode.swift; path = AppIntent.swift; sourceTree = "<group>"; };
		C4CFF0092B8B8CAF002AE026 /* Assets.xcassets */ = {isa = PBXFileReference; lastKnownFileType = folder.assetcatalog; path = Assets.xcassets; sourceTree = "<group>"; };
		C4CFF00B2B8B8CAF002AE026 /* Info.plist */ = {isa = PBXFileReference; lastKnownFileType = text.plist.xml; path = Info.plist; sourceTree = "<group>"; };
/* End PBXFileReference section */

/* Begin PBXFrameworksBuildPhase section */
		1767611A2B8A8017001EC050 /* Frameworks */ = {
			isa = PBXFrameworksBuildPhase;
			buildActionMask = 2147483647;
			files = (
				C492E6BC2B8B0F6B00969486 /* SDWebImageSwiftUI in Frameworks */,
				C492E6B72B8AF69D00969486 /* Shimmer in Frameworks */,
			);
			runOnlyForDeploymentPostprocessing = 0;
		};
		1767612A2B8A8018001EC050 /* Frameworks */ = {
			isa = PBXFrameworksBuildPhase;
			buildActionMask = 2147483647;
			files = (
			);
			runOnlyForDeploymentPostprocessing = 0;
		};
		176761342B8A8018001EC050 /* Frameworks */ = {
			isa = PBXFrameworksBuildPhase;
			buildActionMask = 2147483647;
			files = (
			);
			runOnlyForDeploymentPostprocessing = 0;
		};
		C4CFEFF72B8B8CAD002AE026 /* Frameworks */ = {
			isa = PBXFrameworksBuildPhase;
			buildActionMask = 2147483647;
			files = (
				C4CFEFFF2B8B8CAD002AE026 /* SwiftUI.framework in Frameworks */,
				C4CFEFFD2B8B8CAD002AE026 /* WidgetKit.framework in Frameworks */,
			);
			runOnlyForDeploymentPostprocessing = 0;
		};
/* End PBXFrameworksBuildPhase section */

/* Begin PBXGroup section */
		170EC3EE2C45C07700EBF44D /* Shop */ = {
			isa = PBXGroup;
			children = (
				17F786782BF4077600B9FA52 /* ShopTab.swift */,
				1750E8342C4C7CDF00BCE6CA /* ShopItemSubView.swift */,
				177ACA4C2C4B04B4003666BE /* BuyShopItemView.swift */,
			);
			path = Shop;
			sourceTree = "<group>";
		};
		170EC3EF2C45C19100EBF44D /* Profile */ = {
			isa = PBXGroup;
			children = (
				C45A9F752C5AA4BE001D81A6 /* SettingsView.swift */,
				1767614C2B8A8CC6001EC050 /* ProfileTab.swift */,
				172DAE2F2B8B8D9B0050895B /* ChangeAvatarView.swift */,
				17F786762BF3EBEE00B9FA52 /* UpdateAveragesView.swift */,
				172DAE332B8B9A0E0050895B /* StatsView.swift */,
				1726F6F92CBDA025004D6ACB /* AboutCarbonsaurusView.swift */,
			);
			path = Profile;
			sourceTree = "<group>";
		};
		176761142B8A8017001EC050 = {
			isa = PBXGroup;
			children = (
				C4197E8F2C57499E0094BFE2 /* CarbonsaurusWidgetExtension.entitlements */,
				1767611F2B8A8017001EC050 /* Carbonsaurus */,
				176761302B8A8018001EC050 /* CarbonsaurusTests */,
				1767613A2B8A8018001EC050 /* CarbonsaurusUITests */,
				C4CFF0002B8B8CAD002AE026 /* CarbonsaurusWidget */,
				C4CFEFFB2B8B8CAD002AE026 /* Frameworks */,
				1767611E2B8A8017001EC050 /* Products */,
			);
			sourceTree = "<group>";
		};
		1767611E2B8A8017001EC050 /* Products */ = {
			isa = PBXGroup;
			children = (
				1767611D2B8A8017001EC050 /* Carbonsaurus.app */,
				1767612D2B8A8018001EC050 /* CarbonsaurusTests.xctest */,
				176761372B8A8018001EC050 /* CarbonsaurusUITests.xctest */,
				C4CFEFFA2B8B8CAD002AE026 /* CarbonsaurusWidgetExtension.appex */,
			);
			name = Products;
			sourceTree = "<group>";
		};
		1767611F2B8A8017001EC050 /* Carbonsaurus */ = {
			isa = PBXGroup;
			children = (
				C40808C52C52096D0015F936 /* Carbonsaurus.entitlements */,
				17F786732BF3E3FD00B9FA52 /* Info.plist */,
				176761202B8A8017001EC050 /* CarbonsaurusApp.swift */,
				177467BE2C66751000461C3E /* AppDelegate.swift */,
				176761582B8AA24B001EC050 /* backend */,
				1767614A2B8A8CA9001EC050 /* frontend */,
				176761242B8A8018001EC050 /* Assets.xcassets */,
				176761262B8A8018001EC050 /* Preview Content */,
			);
			path = Carbonsaurus;
			sourceTree = "<group>";
		};
		176761262B8A8018001EC050 /* Preview Content */ = {
			isa = PBXGroup;
			children = (
				176761272B8A8018001EC050 /* Preview Assets.xcassets */,
			);
			path = "Preview Content";
			sourceTree = "<group>";
		};
		176761302B8A8018001EC050 /* CarbonsaurusTests */ = {
			isa = PBXGroup;
			children = (
				176761312B8A8018001EC050 /* CarbonsaurusTests.swift */,
			);
			path = CarbonsaurusTests;
			sourceTree = "<group>";
		};
		1767613A2B8A8018001EC050 /* CarbonsaurusUITests */ = {
			isa = PBXGroup;
			children = (
				1767613B2B8A8018001EC050 /* CarbonsaurusUITests.swift */,
				1767613D2B8A8018001EC050 /* CarbonsaurusUITestsLaunchTests.swift */,
			);
			path = CarbonsaurusUITests;
			sourceTree = "<group>";
		};
		1767614A2B8A8CA9001EC050 /* frontend */ = {
			isa = PBXGroup;
			children = (
				1767614B2B8A8CB1001EC050 /* components */,
				170EC3EF2C45C19100EBF44D /* Profile */,
				170EC3EE2C45C07700EBF44D /* Shop */,
				176761672B8B1FDA001EC050 /* Diary */,
				C492E6A12B8AA76500969486 /* Feed */,
				176761652B8B15AF001EC050 /* Onboarding.swift */,
				1756D91B2CBEB4B100687A47 /* Tutorial.swift */,
			);
			path = frontend;
			sourceTree = "<group>";
		};
		1767614B2B8A8CB1001EC050 /* components */ = {
			isa = PBXGroup;
			children = (
				174A3DFA2C5AA6C50041F19A /* AvatarView.swift */,
				C4CFEF952B8B6226002AE026 /* TabBar.swift */,
			);
			path = components;
			sourceTree = "<group>";
		};
		176761582B8AA24B001EC050 /* backend */ = {
			isa = PBXGroup;
			children = (
				176761592B8AA267001EC050 /* Diary.swift */,
				1767616C2B8B5679001EC050 /* Quiz.swift */,
				176761612B8ADBBB001EC050 /* User.swift */,
				C492E6A42B8AD74400969486 /* Util.swift */,
				17F786802BF52B7E00B9FA52 /* Avatar.swift */,
				172DAE2D2B8B83240050895B /* ViewModel.swift */,
				17C52ABE2BF00CC40034540E /* DataModel.swift */,
			);
			path = backend;
			sourceTree = "<group>";
		};
		176761672B8B1FDA001EC050 /* Diary */ = {
			isa = PBXGroup;
			children = (
				1767614E2B8A8CD0001EC050 /* DiaryTab.swift */,
				176761542B8A8CEF001EC050 /* DiaryEntrySubView.swift */,
				170EC3EC2C45B80100EBF44D /* DiaryReminderSubView.swift */,
				1767615B2B8AA2AA001EC050 /* DiaryCreatorView.swift */,
				176761682B8B1FFB001EC050 /* DiaryView.swift */,
			);
			path = Diary;
			sourceTree = "<group>";
		};
		C4197E9D2C58234B0094BFE2 /* WidgetSizeViews */ = {
			isa = PBXGroup;
			children = (
				C4197EA42C582DDA0094BFE2 /* WidgetComponents */,
				C4197E9E2C5823790094BFE2 /* MediumWidgetView.swift */,
				C4197EA12C58265E0094BFE2 /* SmallWidgetView.swift */,
			);
			path = WidgetSizeViews;
			sourceTree = "<group>";
		};
		C4197EA42C582DDA0094BFE2 /* WidgetComponents */ = {
			isa = PBXGroup;
			children = (
				171B8F462C5AA8930016FAA4 /* AvatarWidgetView.swift */,
			);
			path = WidgetComponents;
			sourceTree = "<group>";
		};
		C492E6A12B8AA76500969486 /* Feed */ = {
			isa = PBXGroup;
			children = (
				176761522B8A8CE4001EC050 /* FeedTab.swift */,
				176761562B8A8CFB001EC050 /* NewsComponent.swift */,
				C492E6B82B8AF70800969486 /* SkeletonNewsComponent.swift */,
				1767616A2B8B5518001EC050 /* QuizSubView.swift */,
				17B568FD2C41BB65003F7B43 /* LessonSubView.swift */,
				C492E6A22B8AA77F00969486 /* FeedService.swift */,
				1767616E2B8B5736001EC050 /* QuizView.swift */,
			);
			path = Feed;
			sourceTree = "<group>";
		};
		C4CFEFFB2B8B8CAD002AE026 /* Frameworks */ = {
			isa = PBXGroup;
			children = (
				C4CFEFFC2B8B8CAD002AE026 /* WidgetKit.framework */,
				C4CFEFFE2B8B8CAD002AE026 /* SwiftUI.framework */,
			);
			name = Frameworks;
			sourceTree = "<group>";
		};
		C4CFF0002B8B8CAD002AE026 /* CarbonsaurusWidget */ = {
			isa = PBXGroup;
			children = (
				C4197E9D2C58234B0094BFE2 /* WidgetSizeViews */,
				C4CFF0012B8B8CAD002AE026 /* CarbonsaurusWidgetBundle.swift */,
				C4CFF0032B8B8CAD002AE026 /* CarbonsaurusWidgetLiveActivity.swift */,
				C4CFF0052B8B8CAD002AE026 /* CarbonsaurusWidget.swift */,
				C4CFF0072B8B8CAD002AE026 /* AppIntent.swift */,
				C4CFF0092B8B8CAF002AE026 /* Assets.xcassets */,
				C4CFF00B2B8B8CAF002AE026 /* Info.plist */,
			);
			path = CarbonsaurusWidget;
			sourceTree = "<group>";
		};
/* End PBXGroup section */

/* Begin PBXNativeTarget section */
		1767611C2B8A8017001EC050 /* Carbonsaurus */ = {
			isa = PBXNativeTarget;
			buildConfigurationList = 176761412B8A8018001EC050 /* Build configuration list for PBXNativeTarget "Carbonsaurus" */;
			buildPhases = (
				176761192B8A8017001EC050 /* Sources */,
				1767611A2B8A8017001EC050 /* Frameworks */,
				1767611B2B8A8017001EC050 /* Resources */,
				C4CFF00F2B8B8CAF002AE026 /* Embed Foundation Extensions */,
			);
			buildRules = (
			);
			dependencies = (
				C4CFF00D2B8B8CAF002AE026 /* PBXTargetDependency */,
			);
			name = Carbonsaurus;
			packageProductDependencies = (
				C492E6B62B8AF69D00969486 /* Shimmer */,
				C492E6BB2B8B0F6B00969486 /* SDWebImageSwiftUI */,
			);
			productName = Carbonsaurus;
			productReference = 1767611D2B8A8017001EC050 /* Carbonsaurus.app */;
			productType = "com.apple.product-type.application";
		};
		1767612C2B8A8018001EC050 /* CarbonsaurusTests */ = {
			isa = PBXNativeTarget;
			buildConfigurationList = 176761442B8A8018001EC050 /* Build configuration list for PBXNativeTarget "CarbonsaurusTests" */;
			buildPhases = (
				176761292B8A8018001EC050 /* Sources */,
				1767612A2B8A8018001EC050 /* Frameworks */,
				1767612B2B8A8018001EC050 /* Resources */,
			);
			buildRules = (
			);
			dependencies = (
				1767612F2B8A8018001EC050 /* PBXTargetDependency */,
			);
			name = CarbonsaurusTests;
			productName = CarbonsaurusTests;
			productReference = 1767612D2B8A8018001EC050 /* CarbonsaurusTests.xctest */;
			productType = "com.apple.product-type.bundle.unit-test";
		};
		176761362B8A8018001EC050 /* CarbonsaurusUITests */ = {
			isa = PBXNativeTarget;
			buildConfigurationList = 176761472B8A8018001EC050 /* Build configuration list for PBXNativeTarget "CarbonsaurusUITests" */;
			buildPhases = (
				176761332B8A8018001EC050 /* Sources */,
				176761342B8A8018001EC050 /* Frameworks */,
				176761352B8A8018001EC050 /* Resources */,
			);
			buildRules = (
			);
			dependencies = (
				176761392B8A8018001EC050 /* PBXTargetDependency */,
			);
			name = CarbonsaurusUITests;
			productName = CarbonsaurusUITests;
			productReference = 176761372B8A8018001EC050 /* CarbonsaurusUITests.xctest */;
			productType = "com.apple.product-type.bundle.ui-testing";
		};
		C4CFEFF92B8B8CAD002AE026 /* CarbonsaurusWidgetExtension */ = {
			isa = PBXNativeTarget;
			buildConfigurationList = C4CFF0122B8B8CAF002AE026 /* Build configuration list for PBXNativeTarget "CarbonsaurusWidgetExtension" */;
			buildPhases = (
				C4CFEFF62B8B8CAD002AE026 /* Sources */,
				C4CFEFF72B8B8CAD002AE026 /* Frameworks */,
				C4CFEFF82B8B8CAD002AE026 /* Resources */,
			);
			buildRules = (
			);
			dependencies = (
			);
			name = CarbonsaurusWidgetExtension;
			productName = CarbonsaurusWidgetExtension;
			productReference = C4CFEFFA2B8B8CAD002AE026 /* CarbonsaurusWidgetExtension.appex */;
			productType = "com.apple.product-type.app-extension";
		};
/* End PBXNativeTarget section */

/* Begin PBXProject section */
		176761152B8A8017001EC050 /* Project object */ = {
			isa = PBXProject;
			attributes = {
				BuildIndependentTargetsInParallel = 1;
				LastSwiftUpdateCheck = 1520;
				LastUpgradeCheck = 1520;
				TargetAttributes = {
					1767611C2B8A8017001EC050 = {
						CreatedOnToolsVersion = 15.2;
					};
					1767612C2B8A8018001EC050 = {
						CreatedOnToolsVersion = 15.2;
						TestTargetID = 1767611C2B8A8017001EC050;
					};
					176761362B8A8018001EC050 = {
						CreatedOnToolsVersion = 15.2;
						TestTargetID = 1767611C2B8A8017001EC050;
					};
					C4CFEFF92B8B8CAD002AE026 = {
						CreatedOnToolsVersion = 15.2;
					};
				};
			};
			buildConfigurationList = 176761182B8A8017001EC050 /* Build configuration list for PBXProject "Carbonsaurus" */;
			compatibilityVersion = "Xcode 14.0";
			developmentRegion = en;
			hasScannedForEncodings = 0;
			knownRegions = (
				en,
				Base,
			);
			mainGroup = 176761142B8A8017001EC050;
			packageReferences = (
				C492E6B52B8AF69D00969486 /* XCRemoteSwiftPackageReference "SwiftUI-Shimmer" */,
				C492E6BA2B8B0F6B00969486 /* XCRemoteSwiftPackageReference "SDWebImageSwiftUI" */,
				17B568FF2C41BF41003F7B43 /* XCRemoteSwiftPackageReference "SwiftLintPlugins" */,
			);
			productRefGroup = 1767611E2B8A8017001EC050 /* Products */;
			projectDirPath = "";
			projectRoot = "";
			targets = (
				1767611C2B8A8017001EC050 /* Carbonsaurus */,
				1767612C2B8A8018001EC050 /* CarbonsaurusTests */,
				176761362B8A8018001EC050 /* CarbonsaurusUITests */,
				C4CFEFF92B8B8CAD002AE026 /* CarbonsaurusWidgetExtension */,
			);
		};
/* End PBXProject section */

/* Begin PBXResourcesBuildPhase section */
		1767611B2B8A8017001EC050 /* Resources */ = {
			isa = PBXResourcesBuildPhase;
			buildActionMask = 2147483647;
			files = (
				176761282B8A8018001EC050 /* Preview Assets.xcassets in Resources */,
				176761252B8A8018001EC050 /* Assets.xcassets in Resources */,
			);
			runOnlyForDeploymentPostprocessing = 0;
		};
		1767612B2B8A8018001EC050 /* Resources */ = {
			isa = PBXResourcesBuildPhase;
			buildActionMask = 2147483647;
			files = (
			);
			runOnlyForDeploymentPostprocessing = 0;
		};
		176761352B8A8018001EC050 /* Resources */ = {
			isa = PBXResourcesBuildPhase;
			buildActionMask = 2147483647;
			files = (
			);
			runOnlyForDeploymentPostprocessing = 0;
		};
		C4CFEFF82B8B8CAD002AE026 /* Resources */ = {
			isa = PBXResourcesBuildPhase;
			buildActionMask = 2147483647;
			files = (
				C4CFF00A2B8B8CAF002AE026 /* Assets.xcassets in Resources */,
			);
			runOnlyForDeploymentPostprocessing = 0;
		};
/* End PBXResourcesBuildPhase section */

/* Begin PBXSourcesBuildPhase section */
		176761192B8A8017001EC050 /* Sources */ = {
			isa = PBXSourcesBuildPhase;
			buildActionMask = 2147483647;
			files = (
				176761532B8A8CE4001EC050 /* FeedTab.swift in Sources */,
				1767614D2B8A8CC6001EC050 /* ProfileTab.swift in Sources */,
				177ACA4D2C4B04B4003666BE /* BuyShopItemView.swift in Sources */,
				C45A9F762C5AA4BE001D81A6 /* SettingsView.swift in Sources */,
				1767614F2B8A8CD0001EC050 /* DiaryTab.swift in Sources */,
				1767616B2B8B5518001EC050 /* QuizSubView.swift in Sources */,
				17F786812BF52B7E00B9FA52 /* Avatar.swift in Sources */,
				176761572B8A8CFB001EC050 /* NewsComponent.swift in Sources */,
				C4197EA22C58265E0094BFE2 /* SmallWidgetView.swift in Sources */,
				170EC3ED2C45B80100EBF44D /* DiaryReminderSubView.swift in Sources */,
				17F786792BF4077600B9FA52 /* ShopTab.swift in Sources */,
				177467BF2C66751000461C3E /* AppDelegate.swift in Sources */,
				1767615A2B8AA267001EC050 /* Diary.swift in Sources */,
				176761552B8A8CEF001EC050 /* DiaryEntrySubView.swift in Sources */,
				1750E8352C4C7CDF00BCE6CA /* ShopItemSubView.swift in Sources */,
				176761692B8B1FFB001EC050 /* DiaryView.swift in Sources */,
				1767616D2B8B5679001EC050 /* Quiz.swift in Sources */,
				171B8F482C5AA8B20016FAA4 /* AvatarWidgetView.swift in Sources */,
				C4197E9F2C5823790094BFE2 /* MediumWidgetView.swift in Sources */,
				1767615C2B8AA2AA001EC050 /* DiaryCreatorView.swift in Sources */,
				172DAE302B8B8D9B0050895B /* ChangeAvatarView.swift in Sources */,
				1767616F2B8B5736001EC050 /* QuizView.swift in Sources */,
				C492E6B92B8AF70800969486 /* SkeletonNewsComponent.swift in Sources */,
				174A3DFB2C5AA6C50041F19A /* AvatarView.swift in Sources */,
				17B568FE2C41BB65003F7B43 /* LessonSubView.swift in Sources */,
				1726F6FA2CBDA025004D6ACB /* AboutCarbonsaurusView.swift in Sources */,
				172DAE2E2B8B83240050895B /* ViewModel.swift in Sources */,
				176761662B8B15AF001EC050 /* Onboarding.swift in Sources */,
				C492E6A52B8AD74400969486 /* Util.swift in Sources */,
				1756D91C2CBEB4B100687A47 /* Tutorial.swift in Sources */,
				176761212B8A8017001EC050 /* CarbonsaurusApp.swift in Sources */,
				176761622B8ADBBB001EC050 /* User.swift in Sources */,
				C492E6A32B8AA77F00969486 /* FeedService.swift in Sources */,
				17F786772BF3EBEE00B9FA52 /* UpdateAveragesView.swift in Sources */,
				172DAE342B8B9A0E0050895B /* StatsView.swift in Sources */,
				17C52ABF2BF00CC40034540E /* DataModel.swift in Sources */,
				C4CFEF962B8B6226002AE026 /* TabBar.swift in Sources */,
			);
			runOnlyForDeploymentPostprocessing = 0;
		};
		176761292B8A8018001EC050 /* Sources */ = {
			isa = PBXSourcesBuildPhase;
			buildActionMask = 2147483647;
			files = (
				176761322B8A8018001EC050 /* CarbonsaurusTests.swift in Sources */,
			);
			runOnlyForDeploymentPostprocessing = 0;
		};
		176761332B8A8018001EC050 /* Sources */ = {
			isa = PBXSourcesBuildPhase;
			buildActionMask = 2147483647;
			files = (
				1767613E2B8A8018001EC050 /* CarbonsaurusUITestsLaunchTests.swift in Sources */,
				1767613C2B8A8018001EC050 /* CarbonsaurusUITests.swift in Sources */,
			);
			runOnlyForDeploymentPostprocessing = 0;
		};
		C4CFEFF62B8B8CAD002AE026 /* Sources */ = {
			isa = PBXSourcesBuildPhase;
			buildActionMask = 2147483647;
			files = (
				C4197E9A2C57513D0094BFE2 /* Diary.swift in Sources */,
				C4197E972C57513D0094BFE2 /* DataModel.swift in Sources */,
				C4197EA02C5824A80094BFE2 /* MediumWidgetView.swift in Sources */,
				C4CFF0042B8B8CAD002AE026 /* CarbonsaurusWidgetLiveActivity.swift in Sources */,
				C4197E962C57513D0094BFE2 /* Util.swift in Sources */,
				C4197EA32C5826630094BFE2 /* SmallWidgetView.swift in Sources */,
				C4CFF0082B8B8CAD002AE026 /* AppIntent.swift in Sources */,
				C4CFF0062B8B8CAD002AE026 /* CarbonsaurusWidget.swift in Sources */,
				C4197E952C57513D0094BFE2 /* Avatar.swift in Sources */,
				C4CFF0022B8B8CAD002AE026 /* CarbonsaurusWidgetBundle.swift in Sources */,
				C4197E992C57513D0094BFE2 /* Quiz.swift in Sources */,
				C4197E9C2C57513D0094BFE2 /* ViewModel.swift in Sources */,
				C4197E9B2C57513D0094BFE2 /* User.swift in Sources */,
				171B8F472C5AA8930016FAA4 /* AvatarWidgetView.swift in Sources */,
			);
			runOnlyForDeploymentPostprocessing = 0;
		};
/* End PBXSourcesBuildPhase section */

/* Begin PBXTargetDependency section */
		1767612F2B8A8018001EC050 /* PBXTargetDependency */ = {
			isa = PBXTargetDependency;
			target = 1767611C2B8A8017001EC050 /* Carbonsaurus */;
			targetProxy = 1767612E2B8A8018001EC050 /* PBXContainerItemProxy */;
		};
		176761392B8A8018001EC050 /* PBXTargetDependency */ = {
			isa = PBXTargetDependency;
			target = 1767611C2B8A8017001EC050 /* Carbonsaurus */;
			targetProxy = 176761382B8A8018001EC050 /* PBXContainerItemProxy */;
		};
		C4CFF00D2B8B8CAF002AE026 /* PBXTargetDependency */ = {
			isa = PBXTargetDependency;
			target = C4CFEFF92B8B8CAD002AE026 /* CarbonsaurusWidgetExtension */;
			targetProxy = C4CFF00C2B8B8CAF002AE026 /* PBXContainerItemProxy */;
		};
/* End PBXTargetDependency section */

/* Begin XCBuildConfiguration section */
		1767613F2B8A8018001EC050 /* Debug */ = {
			isa = XCBuildConfiguration;
			buildSettings = {
				ALWAYS_SEARCH_USER_PATHS = NO;
				ASSETCATALOG_COMPILER_GENERATE_SWIFT_ASSET_SYMBOL_EXTENSIONS = YES;
				CLANG_ANALYZER_NONNULL = YES;
				CLANG_ANALYZER_NUMBER_OBJECT_CONVERSION = YES_AGGRESSIVE;
				CLANG_CXX_LANGUAGE_STANDARD = "gnu++20";
				CLANG_ENABLE_MODULES = YES;
				CLANG_ENABLE_OBJC_ARC = YES;
				CLANG_ENABLE_OBJC_WEAK = YES;
				CLANG_WARN_BLOCK_CAPTURE_AUTORELEASING = YES;
				CLANG_WARN_BOOL_CONVERSION = YES;
				CLANG_WARN_COMMA = YES;
				CLANG_WARN_CONSTANT_CONVERSION = YES;
				CLANG_WARN_DEPRECATED_OBJC_IMPLEMENTATIONS = YES;
				CLANG_WARN_DIRECT_OBJC_ISA_USAGE = YES_ERROR;
				CLANG_WARN_DOCUMENTATION_COMMENTS = YES;
				CLANG_WARN_EMPTY_BODY = YES;
				CLANG_WARN_ENUM_CONVERSION = YES;
				CLANG_WARN_INFINITE_RECURSION = YES;
				CLANG_WARN_INT_CONVERSION = YES;
				CLANG_WARN_NON_LITERAL_NULL_CONVERSION = YES;
				CLANG_WARN_OBJC_IMPLICIT_RETAIN_SELF = YES;
				CLANG_WARN_OBJC_LITERAL_CONVERSION = YES;
				CLANG_WARN_OBJC_ROOT_CLASS = YES_ERROR;
				CLANG_WARN_QUOTED_INCLUDE_IN_FRAMEWORK_HEADER = YES;
				CLANG_WARN_RANGE_LOOP_ANALYSIS = YES;
				CLANG_WARN_STRICT_PROTOTYPES = YES;
				CLANG_WARN_SUSPICIOUS_MOVE = YES;
				CLANG_WARN_UNGUARDED_AVAILABILITY = YES_AGGRESSIVE;
				CLANG_WARN_UNREACHABLE_CODE = YES;
				CLANG_WARN__DUPLICATE_METHOD_MATCH = YES;
				COPY_PHASE_STRIP = NO;
				DEBUG_INFORMATION_FORMAT = dwarf;
				ENABLE_STRICT_OBJC_MSGSEND = YES;
				ENABLE_TESTABILITY = YES;
				ENABLE_USER_SCRIPT_SANDBOXING = YES;
				GCC_C_LANGUAGE_STANDARD = gnu17;
				GCC_DYNAMIC_NO_PIC = NO;
				GCC_NO_COMMON_BLOCKS = YES;
				GCC_OPTIMIZATION_LEVEL = 0;
				GCC_PREPROCESSOR_DEFINITIONS = (
					"DEBUG=1",
					"$(inherited)",
				);
				GCC_WARN_64_TO_32_BIT_CONVERSION = YES;
				GCC_WARN_ABOUT_RETURN_TYPE = YES_ERROR;
				GCC_WARN_UNDECLARED_SELECTOR = YES;
				GCC_WARN_UNINITIALIZED_AUTOS = YES_AGGRESSIVE;
				GCC_WARN_UNUSED_FUNCTION = YES;
				GCC_WARN_UNUSED_VARIABLE = YES;
				IPHONEOS_DEPLOYMENT_TARGET = 17.2;
				LOCALIZATION_PREFERS_STRING_CATALOGS = YES;
				MTL_ENABLE_DEBUG_INFO = INCLUDE_SOURCE;
				MTL_FAST_MATH = YES;
				ONLY_ACTIVE_ARCH = YES;
				SDKROOT = iphoneos;
				SWIFT_ACTIVE_COMPILATION_CONDITIONS = "DEBUG $(inherited)";
				SWIFT_OPTIMIZATION_LEVEL = "-Onone";
			};
			name = Debug;
		};
		176761402B8A8018001EC050 /* Release */ = {
			isa = XCBuildConfiguration;
			buildSettings = {
				ALWAYS_SEARCH_USER_PATHS = NO;
				ASSETCATALOG_COMPILER_GENERATE_SWIFT_ASSET_SYMBOL_EXTENSIONS = YES;
				CLANG_ANALYZER_NONNULL = YES;
				CLANG_ANALYZER_NUMBER_OBJECT_CONVERSION = YES_AGGRESSIVE;
				CLANG_CXX_LANGUAGE_STANDARD = "gnu++20";
				CLANG_ENABLE_MODULES = YES;
				CLANG_ENABLE_OBJC_ARC = YES;
				CLANG_ENABLE_OBJC_WEAK = YES;
				CLANG_WARN_BLOCK_CAPTURE_AUTORELEASING = YES;
				CLANG_WARN_BOOL_CONVERSION = YES;
				CLANG_WARN_COMMA = YES;
				CLANG_WARN_CONSTANT_CONVERSION = YES;
				CLANG_WARN_DEPRECATED_OBJC_IMPLEMENTATIONS = YES;
				CLANG_WARN_DIRECT_OBJC_ISA_USAGE = YES_ERROR;
				CLANG_WARN_DOCUMENTATION_COMMENTS = YES;
				CLANG_WARN_EMPTY_BODY = YES;
				CLANG_WARN_ENUM_CONVERSION = YES;
				CLANG_WARN_INFINITE_RECURSION = YES;
				CLANG_WARN_INT_CONVERSION = YES;
				CLANG_WARN_NON_LITERAL_NULL_CONVERSION = YES;
				CLANG_WARN_OBJC_IMPLICIT_RETAIN_SELF = YES;
				CLANG_WARN_OBJC_LITERAL_CONVERSION = YES;
				CLANG_WARN_OBJC_ROOT_CLASS = YES_ERROR;
				CLANG_WARN_QUOTED_INCLUDE_IN_FRAMEWORK_HEADER = YES;
				CLANG_WARN_RANGE_LOOP_ANALYSIS = YES;
				CLANG_WARN_STRICT_PROTOTYPES = YES;
				CLANG_WARN_SUSPICIOUS_MOVE = YES;
				CLANG_WARN_UNGUARDED_AVAILABILITY = YES_AGGRESSIVE;
				CLANG_WARN_UNREACHABLE_CODE = YES;
				CLANG_WARN__DUPLICATE_METHOD_MATCH = YES;
				COPY_PHASE_STRIP = NO;
				DEBUG_INFORMATION_FORMAT = "dwarf-with-dsym";
				ENABLE_NS_ASSERTIONS = NO;
				ENABLE_STRICT_OBJC_MSGSEND = YES;
				ENABLE_USER_SCRIPT_SANDBOXING = YES;
				GCC_C_LANGUAGE_STANDARD = gnu17;
				GCC_NO_COMMON_BLOCKS = YES;
				GCC_WARN_64_TO_32_BIT_CONVERSION = YES;
				GCC_WARN_ABOUT_RETURN_TYPE = YES_ERROR;
				GCC_WARN_UNDECLARED_SELECTOR = YES;
				GCC_WARN_UNINITIALIZED_AUTOS = YES_AGGRESSIVE;
				GCC_WARN_UNUSED_FUNCTION = YES;
				GCC_WARN_UNUSED_VARIABLE = YES;
				IPHONEOS_DEPLOYMENT_TARGET = 17.2;
				LOCALIZATION_PREFERS_STRING_CATALOGS = YES;
				MTL_ENABLE_DEBUG_INFO = NO;
				MTL_FAST_MATH = YES;
				SDKROOT = iphoneos;
				SWIFT_COMPILATION_MODE = wholemodule;
				VALIDATE_PRODUCT = YES;
			};
			name = Release;
		};
		176761422B8A8018001EC050 /* Debug */ = {
			isa = XCBuildConfiguration;
			buildSettings = {
				ALWAYS_EMBED_SWIFT_STANDARD_LIBRARIES = YES;
				ASSETCATALOG_COMPILER_APPICON_NAME = AppIcon;
				ASSETCATALOG_COMPILER_GLOBAL_ACCENT_COLOR_NAME = AccentColor;
				CODE_SIGN_ENTITLEMENTS = Carbonsaurus/Carbonsaurus.entitlements;
				CODE_SIGN_STYLE = Automatic;
				CURRENT_PROJECT_VERSION = 1;
				DEVELOPMENT_ASSET_PATHS = "\"Carbonsaurus/Preview Content\"";
				DEVELOPMENT_TEAM = C72D493DTH;
				ENABLE_PREVIEWS = YES;
				GENERATE_INFOPLIST_FILE = YES;
				INFOPLIST_FILE = Carbonsaurus/Info.plist;
				INFOPLIST_KEY_CFBundleDisplayName = CarbonSaurus;
				INFOPLIST_KEY_LSApplicationCategoryType = "";
				INFOPLIST_KEY_UIApplicationSceneManifest_Generation = YES;
				INFOPLIST_KEY_UIApplicationSupportsIndirectInputEvents = YES;
				INFOPLIST_KEY_UILaunchScreen_Generation = YES;
				INFOPLIST_KEY_UISupportedInterfaceOrientations_iPad = "UIInterfaceOrientationPortrait UIInterfaceOrientationPortraitUpsideDown UIInterfaceOrientationLandscapeLeft UIInterfaceOrientationLandscapeRight";
				INFOPLIST_KEY_UISupportedInterfaceOrientations_iPhone = "UIInterfaceOrientationPortrait UIInterfaceOrientationLandscapeLeft UIInterfaceOrientationLandscapeRight";
				INFOPLIST_KEY_UIUserInterfaceStyle = Light;
				IPHONEOS_DEPLOYMENT_TARGET = 17.2;
				LD_RUNPATH_SEARCH_PATHS = (
					"$(inherited)",
					"@executable_path/Frameworks",
				);
				MARKETING_VERSION = 1.0;
				PRODUCT_BUNDLE_IDENTIFIER = ajs2003.Carbonsaurus;
				PRODUCT_NAME = "$(TARGET_NAME)";
				SUPPORTED_PLATFORMS = "iphoneos iphonesimulator";
				SUPPORTS_MACCATALYST = NO;
				SUPPORTS_MAC_DESIGNED_FOR_IPHONE_IPAD = NO;
				SUPPORTS_XR_DESIGNED_FOR_IPHONE_IPAD = NO;
				SWIFT_EMIT_LOC_STRINGS = YES;
				SWIFT_VERSION = 5.0;
				TARGETED_DEVICE_FAMILY = 1;
			};
			name = Debug;
		};
		176761432B8A8018001EC050 /* Release */ = {
			isa = XCBuildConfiguration;
			buildSettings = {
				ALWAYS_EMBED_SWIFT_STANDARD_LIBRARIES = YES;
				ASSETCATALOG_COMPILER_APPICON_NAME = AppIcon;
				ASSETCATALOG_COMPILER_GLOBAL_ACCENT_COLOR_NAME = AccentColor;
				CODE_SIGN_ENTITLEMENTS = Carbonsaurus/Carbonsaurus.entitlements;
				CODE_SIGN_STYLE = Automatic;
				CURRENT_PROJECT_VERSION = 1;
				DEVELOPMENT_ASSET_PATHS = "\"Carbonsaurus/Preview Content\"";
				DEVELOPMENT_TEAM = C72D493DTH;
				ENABLE_PREVIEWS = YES;
				GENERATE_INFOPLIST_FILE = YES;
				INFOPLIST_FILE = Carbonsaurus/Info.plist;
				INFOPLIST_KEY_CFBundleDisplayName = CarbonSaurus;
				INFOPLIST_KEY_LSApplicationCategoryType = "";
				INFOPLIST_KEY_UIApplicationSceneManifest_Generation = YES;
				INFOPLIST_KEY_UIApplicationSupportsIndirectInputEvents = YES;
				INFOPLIST_KEY_UILaunchScreen_Generation = YES;
				INFOPLIST_KEY_UISupportedInterfaceOrientations_iPad = "UIInterfaceOrientationPortrait UIInterfaceOrientationPortraitUpsideDown UIInterfaceOrientationLandscapeLeft UIInterfaceOrientationLandscapeRight";
				INFOPLIST_KEY_UISupportedInterfaceOrientations_iPhone = "UIInterfaceOrientationPortrait UIInterfaceOrientationLandscapeLeft UIInterfaceOrientationLandscapeRight";
				INFOPLIST_KEY_UIUserInterfaceStyle = Light;
				IPHONEOS_DEPLOYMENT_TARGET = 17.2;
				LD_RUNPATH_SEARCH_PATHS = (
					"$(inherited)",
					"@executable_path/Frameworks",
				);
				MARKETING_VERSION = 1.0;
				PRODUCT_BUNDLE_IDENTIFIER = ajs2003.Carbonsaurus;
				PRODUCT_NAME = "$(TARGET_NAME)";
				SUPPORTED_PLATFORMS = "iphoneos iphonesimulator";
				SUPPORTS_MACCATALYST = NO;
				SUPPORTS_MAC_DESIGNED_FOR_IPHONE_IPAD = NO;
				SUPPORTS_XR_DESIGNED_FOR_IPHONE_IPAD = NO;
				SWIFT_EMIT_LOC_STRINGS = YES;
				SWIFT_VERSION = 5.0;
				TARGETED_DEVICE_FAMILY = 1;
			};
			name = Release;
		};
		176761452B8A8018001EC050 /* Debug */ = {
			isa = XCBuildConfiguration;
			buildSettings = {
				ALWAYS_EMBED_SWIFT_STANDARD_LIBRARIES = YES;
				BUNDLE_LOADER = "$(TEST_HOST)";
				CODE_SIGN_STYLE = Automatic;
				CURRENT_PROJECT_VERSION = 1;
				GENERATE_INFOPLIST_FILE = YES;
				IPHONEOS_DEPLOYMENT_TARGET = 17.2;
				MARKETING_VERSION = 1.0;
				PRODUCT_BUNDLE_IDENTIFIER = rowdydinosw.CarbonsaurusTests;
				PRODUCT_NAME = "$(TARGET_NAME)";
				SWIFT_EMIT_LOC_STRINGS = NO;
				SWIFT_VERSION = 5.0;
				TARGETED_DEVICE_FAMILY = "1,2";
				TEST_HOST = "$(BUILT_PRODUCTS_DIR)/Carbonsaurus.app/$(BUNDLE_EXECUTABLE_FOLDER_PATH)/Carbonsaurus";
			};
			name = Debug;
		};
		176761462B8A8018001EC050 /* Release */ = {
			isa = XCBuildConfiguration;
			buildSettings = {
				ALWAYS_EMBED_SWIFT_STANDARD_LIBRARIES = YES;
				BUNDLE_LOADER = "$(TEST_HOST)";
				CODE_SIGN_STYLE = Automatic;
				CURRENT_PROJECT_VERSION = 1;
				GENERATE_INFOPLIST_FILE = YES;
				IPHONEOS_DEPLOYMENT_TARGET = 17.2;
				MARKETING_VERSION = 1.0;
				PRODUCT_BUNDLE_IDENTIFIER = rowdydinosw.CarbonsaurusTests;
				PRODUCT_NAME = "$(TARGET_NAME)";
				SWIFT_EMIT_LOC_STRINGS = NO;
				SWIFT_VERSION = 5.0;
				TARGETED_DEVICE_FAMILY = "1,2";
				TEST_HOST = "$(BUILT_PRODUCTS_DIR)/Carbonsaurus.app/$(BUNDLE_EXECUTABLE_FOLDER_PATH)/Carbonsaurus";
			};
			name = Release;
		};
		176761482B8A8018001EC050 /* Debug */ = {
			isa = XCBuildConfiguration;
			buildSettings = {
				ALWAYS_EMBED_SWIFT_STANDARD_LIBRARIES = YES;
				CODE_SIGN_STYLE = Automatic;
				CURRENT_PROJECT_VERSION = 1;
				GENERATE_INFOPLIST_FILE = YES;
				MARKETING_VERSION = 1.0;
				PRODUCT_BUNDLE_IDENTIFIER = rowdydinosw.CarbonsaurusUITests;
				PRODUCT_NAME = "$(TARGET_NAME)";
				SWIFT_EMIT_LOC_STRINGS = NO;
				SWIFT_VERSION = 5.0;
				TARGETED_DEVICE_FAMILY = "1,2";
				TEST_TARGET_NAME = Carbonsaurus;
			};
			name = Debug;
		};
		176761492B8A8018001EC050 /* Release */ = {
			isa = XCBuildConfiguration;
			buildSettings = {
				ALWAYS_EMBED_SWIFT_STANDARD_LIBRARIES = YES;
				CODE_SIGN_STYLE = Automatic;
				CURRENT_PROJECT_VERSION = 1;
				GENERATE_INFOPLIST_FILE = YES;
				MARKETING_VERSION = 1.0;
				PRODUCT_BUNDLE_IDENTIFIER = rowdydinosw.CarbonsaurusUITests;
				PRODUCT_NAME = "$(TARGET_NAME)";
				SWIFT_EMIT_LOC_STRINGS = NO;
				SWIFT_VERSION = 5.0;
				TARGETED_DEVICE_FAMILY = "1,2";
				TEST_TARGET_NAME = Carbonsaurus;
			};
			name = Release;
		};
		C4CFF0102B8B8CAF002AE026 /* Debug */ = {
			isa = XCBuildConfiguration;
			buildSettings = {
				ASSETCATALOG_COMPILER_GLOBAL_ACCENT_COLOR_NAME = AccentColor;
				ASSETCATALOG_COMPILER_WIDGET_BACKGROUND_COLOR_NAME = WidgetBackground;
				CODE_SIGN_ENTITLEMENTS = CarbonsaurusWidgetExtension.entitlements;
				CODE_SIGN_STYLE = Automatic;
				CURRENT_PROJECT_VERSION = 1;
				DEVELOPMENT_TEAM = C72D493DTH;
				GENERATE_INFOPLIST_FILE = YES;
				INFOPLIST_FILE = CarbonsaurusWidget/Info.plist;
				INFOPLIST_KEY_CFBundleDisplayName = CarbonsaurusWidget;
				INFOPLIST_KEY_NSHumanReadableCopyright = "";
				LD_RUNPATH_SEARCH_PATHS = (
					"$(inherited)",
					"@executable_path/Frameworks",
					"@executable_path/../../Frameworks",
				);
				MARKETING_VERSION = 1.0;
				PRODUCT_BUNDLE_IDENTIFIER = ajs2003.Carbonsaurus.CarbonsaurusWidget;
				PRODUCT_NAME = "$(TARGET_NAME)";
				SKIP_INSTALL = YES;
				SWIFT_EMIT_LOC_STRINGS = YES;
				SWIFT_VERSION = 5.0;
				TARGETED_DEVICE_FAMILY = "1,2";
			};
			name = Debug;
		};
		C4CFF0112B8B8CAF002AE026 /* Release */ = {
			isa = XCBuildConfiguration;
			buildSettings = {
				ASSETCATALOG_COMPILER_GLOBAL_ACCENT_COLOR_NAME = AccentColor;
				ASSETCATALOG_COMPILER_WIDGET_BACKGROUND_COLOR_NAME = WidgetBackground;
				CODE_SIGN_ENTITLEMENTS = CarbonsaurusWidgetExtension.entitlements;
				CODE_SIGN_STYLE = Automatic;
				CURRENT_PROJECT_VERSION = 1;
				DEVELOPMENT_TEAM = C72D493DTH;
				GENERATE_INFOPLIST_FILE = YES;
				INFOPLIST_FILE = CarbonsaurusWidget/Info.plist;
				INFOPLIST_KEY_CFBundleDisplayName = CarbonsaurusWidget;
				INFOPLIST_KEY_NSHumanReadableCopyright = "";
				LD_RUNPATH_SEARCH_PATHS = (
					"$(inherited)",
					"@executable_path/Frameworks",
					"@executable_path/../../Frameworks",
				);
				MARKETING_VERSION = 1.0;
				PRODUCT_BUNDLE_IDENTIFIER = ajs2003.Carbonsaurus.CarbonsaurusWidget;
				PRODUCT_NAME = "$(TARGET_NAME)";
				SKIP_INSTALL = YES;
				SWIFT_EMIT_LOC_STRINGS = YES;
				SWIFT_VERSION = 5.0;
				TARGETED_DEVICE_FAMILY = "1,2";
			};
			name = Release;
		};
/* End XCBuildConfiguration section */

/* Begin XCConfigurationList section */
		176761182B8A8017001EC050 /* Build configuration list for PBXProject "Carbonsaurus" */ = {
			isa = XCConfigurationList;
			buildConfigurations = (
				1767613F2B8A8018001EC050 /* Debug */,
				176761402B8A8018001EC050 /* Release */,
			);
			defaultConfigurationIsVisible = 0;
			defaultConfigurationName = Release;
		};
		176761412B8A8018001EC050 /* Build configuration list for PBXNativeTarget "Carbonsaurus" */ = {
			isa = XCConfigurationList;
			buildConfigurations = (
				176761422B8A8018001EC050 /* Debug */,
				176761432B8A8018001EC050 /* Release */,
			);
			defaultConfigurationIsVisible = 0;
			defaultConfigurationName = Release;
		};
		176761442B8A8018001EC050 /* Build configuration list for PBXNativeTarget "CarbonsaurusTests" */ = {
			isa = XCConfigurationList;
			buildConfigurations = (
				176761452B8A8018001EC050 /* Debug */,
				176761462B8A8018001EC050 /* Release */,
			);
			defaultConfigurationIsVisible = 0;
			defaultConfigurationName = Release;
		};
		176761472B8A8018001EC050 /* Build configuration list for PBXNativeTarget "CarbonsaurusUITests" */ = {
			isa = XCConfigurationList;
			buildConfigurations = (
				176761482B8A8018001EC050 /* Debug */,
				176761492B8A8018001EC050 /* Release */,
			);
			defaultConfigurationIsVisible = 0;
			defaultConfigurationName = Release;
		};
		C4CFF0122B8B8CAF002AE026 /* Build configuration list for PBXNativeTarget "CarbonsaurusWidgetExtension" */ = {
			isa = XCConfigurationList;
			buildConfigurations = (
				C4CFF0102B8B8CAF002AE026 /* Debug */,
				C4CFF0112B8B8CAF002AE026 /* Release */,
			);
			defaultConfigurationIsVisible = 0;
			defaultConfigurationName = Release;
		};
/* End XCConfigurationList section */

/* Begin XCRemoteSwiftPackageReference section */
		17B568FF2C41BF41003F7B43 /* XCRemoteSwiftPackageReference "SwiftLintPlugins" */ = {
			isa = XCRemoteSwiftPackageReference;
			repositoryURL = "https://github.com/SimplyDanny/SwiftLintPlugins";
			requirement = {
				kind = upToNextMajorVersion;
				minimumVersion = 0.55.1;
			};
		};
		C492E6B52B8AF69D00969486 /* XCRemoteSwiftPackageReference "SwiftUI-Shimmer" */ = {
			isa = XCRemoteSwiftPackageReference;
			repositoryURL = "https://github.com/markiv/SwiftUI-Shimmer.git";
			requirement = {
				kind = upToNextMajorVersion;
				minimumVersion = 1.4.2;
			};
		};
		C492E6BA2B8B0F6B00969486 /* XCRemoteSwiftPackageReference "SDWebImageSwiftUI" */ = {
			isa = XCRemoteSwiftPackageReference;
			repositoryURL = "https://github.com/SDWebImage/SDWebImageSwiftUI.git";
			requirement = {
				kind = upToNextMajorVersion;
				minimumVersion = 2.2.6;
			};
		};
/* End XCRemoteSwiftPackageReference section */

/* Begin XCSwiftPackageProductDependency section */
		C492E6B62B8AF69D00969486 /* Shimmer */ = {
			isa = XCSwiftPackageProductDependency;
			package = C492E6B52B8AF69D00969486 /* XCRemoteSwiftPackageReference "SwiftUI-Shimmer" */;
			productName = Shimmer;
		};
		C492E6BB2B8B0F6B00969486 /* SDWebImageSwiftUI */ = {
			isa = XCSwiftPackageProductDependency;
			package = C492E6BA2B8B0F6B00969486 /* XCRemoteSwiftPackageReference "SDWebImageSwiftUI" */;
			productName = SDWebImageSwiftUI;
		};
/* End XCSwiftPackageProductDependency section */
	};
	rootObject = 176761152B8A8017001EC050 /* Project object */;
}
