// !$*UTF8*$!
{
	archiveVersion = 1;
	classes = {
	};
	objectVersion = 56;
	objects = {

/* Begin PBXBuildFile section */
		176761212B8A8017001EC050 /* CarbonsaurusApp.swift in Sources */ = {isa = PBXBuildFile; fileRef = 176761202B8A8017001EC050 /* CarbonsaurusApp.swift */; };
		176761232B8A8017001EC050 /* ContentView.swift in Sources */ = {isa = PBXBuildFile; fileRef = 176761222B8A8017001EC050 /* ContentView.swift */; };
		176761252B8A8018001EC050 /* Assets.xcassets in Resources */ = {isa = PBXBuildFile; fileRef = 176761242B8A8018001EC050 /* Assets.xcassets */; };
		176761282B8A8018001EC050 /* Preview Assets.xcassets in Resources */ = {isa = PBXBuildFile; fileRef = 176761272B8A8018001EC050 /* Preview Assets.xcassets */; };
		176761322B8A8018001EC050 /* CarbonsaurusTests.swift in Sources */ = {isa = PBXBuildFile; fileRef = 176761312B8A8018001EC050 /* CarbonsaurusTests.swift */; };
		1767613C2B8A8018001EC050 /* CarbonsaurusUITests.swift in Sources */ = {isa = PBXBuildFile; fileRef = 1767613B2B8A8018001EC050 /* CarbonsaurusUITests.swift */; };
		1767613E2B8A8018001EC050 /* CarbonsaurusUITestsLaunchTests.swift in Sources */ = {isa = PBXBuildFile; fileRef = 1767613D2B8A8018001EC050 /* CarbonsaurusUITestsLaunchTests.swift */; };
/* End PBXBuildFile section */

/* Begin PBXContainerItemProxy section */
		1767612E2B8A8018001EC050 /* PBXContainerItemProxy */ = {
			isa = PBXContainerItemProxy;
			containerPortal = 176761152B8A8017001EC050 /* Project object */;
			proxyType = 1;
			remoteGlobalIDString = 1767611C2B8A8017001EC050;
			remoteInfo = Carbonsaurus;
		};
		176761382B8A8018001EC050 /* PBXContainerItemProxy */ = {
			isa = PBXContainerItemProxy;
			containerPortal = 176761152B8A8017001EC050 /* Project object */;
			proxyType = 1;
			remoteGlobalIDString = 1767611C2B8A8017001EC050;
			remoteInfo = Carbonsaurus;
		};
/* End PBXContainerItemProxy section */

/* Begin PBXFileReference section */
		1767611D2B8A8017001EC050 /* Carbonsaurus.app */ = {isa = PBXFileReference; explicitFileType = wrapper.application; includeInIndex = 0; path = Carbonsaurus.app; sourceTree = BUILT_PRODUCTS_DIR; };
		176761202B8A8017001EC050 /* CarbonsaurusApp.swift */ = {isa = PBXFileReference; lastKnownFileType = sourcecode.swift; path = CarbonsaurusApp.swift; sourceTree = "<group>"; };
		176761222B8A8017001EC050 /* ContentView.swift */ = {isa = PBXFileReference; lastKnownFileType = sourcecode.swift; path = ContentView.swift; sourceTree = "<group>"; };
		176761242B8A8018001EC050 /* Assets.xcassets */ = {isa = PBXFileReference; lastKnownFileType = folder.assetcatalog; path = Assets.xcassets; sourceTree = "<group>"; };
		176761272B8A8018001EC050 /* Preview Assets.xcassets */ = {isa = PBXFileReference; lastKnownFileType = folder.assetcatalog; path = "Preview Assets.xcassets"; sourceTree = "<group>"; };
		1767612D2B8A8018001EC050 /* CarbonsaurusTests.xctest */ = {isa = PBXFileReference; explicitFileType = wrapper.cfbundle; includeInIndex = 0; path = CarbonsaurusTests.xctest; sourceTree = BUILT_PRODUCTS_DIR; };
		176761312B8A8018001EC050 /* CarbonsaurusTests.swift */ = {isa = PBXFileReference; lastKnownFileType = sourcecode.swift; path = CarbonsaurusTests.swift; sourceTree = "<group>"; };
		176761372B8A8018001EC050 /* CarbonsaurusUITests.xctest */ = {isa = PBXFileReference; explicitFileType = wrapper.cfbundle; includeInIndex = 0; path = CarbonsaurusUITests.xctest; sourceTree = BUILT_PRODUCTS_DIR; };
		1767613B2B8A8018001EC050 /* CarbonsaurusUITests.swift */ = {isa = PBXFileReference; lastKnownFileType = sourcecode.swift; path = CarbonsaurusUITests.swift; sourceTree = "<group>"; };
		1767613D2B8A8018001EC050 /* CarbonsaurusUITestsLaunchTests.swift */ = {isa = PBXFileReference; lastKnownFileType = sourcecode.swift; path = CarbonsaurusUITestsLaunchTests.swift; sourceTree = "<group>"; };
/* End PBXFileReference section */

/* Begin PBXFrameworksBuildPhase section */
		1767611A2B8A8017001EC050 /* Frameworks */ = {
			isa = PBXFrameworksBuildPhase;
			buildActionMask = 2147483647;
			files = (
			);
			runOnlyForDeploymentPostprocessing = 0;
		};
		1767612A2B8A8018001EC050 /* Frameworks */ = {
			isa = PBXFrameworksBuildPhase;
			buildActionMask = 2147483647;
			files = (
			);
			runOnlyForDeploymentPostprocessing = 0;
		};
		176761342B8A8018001EC050 /* Frameworks */ = {
			isa = PBXFrameworksBuildPhase;
			buildActionMask = 2147483647;
			files = (
			);
			runOnlyForDeploymentPostprocessing = 0;
		};
/* End PBXFrameworksBuildPhase section */

/* Begin PBXGroup section */
		176761142B8A8017001EC050 = {
			isa = PBXGroup;
			children = (
				1767611F2B8A8017001EC050 /* Carbonsaurus */,
				176761302B8A8018001EC050 /* CarbonsaurusTests */,
				1767613A2B8A8018001EC050 /* CarbonsaurusUITests */,
				1767611E2B8A8017001EC050 /* Products */,
			);
			sourceTree = "<group>";
		};
		1767611E2B8A8017001EC050 /* Products */ = {
			isa = PBXGroup;
			children = (
				1767611D2B8A8017001EC050 /* Carbonsaurus.app */,
				1767612D2B8A8018001EC050 /* CarbonsaurusTests.xctest */,
				176761372B8A8018001EC050 /* CarbonsaurusUITests.xctest */,
			);
			name = Products;
			sourceTree = "<group>";
		};
		1767611F2B8A8017001EC050 /* Carbonsaurus */ = {
			isa = PBXGroup;
			children = (
				176761202B8A8017001EC050 /* CarbonsaurusApp.swift */,
				176761222B8A8017001EC050 /* ContentView.swift */,
				176761242B8A8018001EC050 /* Assets.xcassets */,
				176761262B8A8018001EC050 /* Preview Content */,
			);
			path = Carbonsaurus;
			sourceTree = "<group>";
		};
		176761262B8A8018001EC050 /* Preview Content */ = {
			isa = PBXGroup;
			children = (
				176761272B8A8018001EC050 /* Preview Assets.xcassets */,
			);
			path = "Preview Content";
			sourceTree = "<group>";
		};
		176761302B8A8018001EC050 /* CarbonsaurusTests */ = {
			isa = PBXGroup;
			children = (
				176761312B8A8018001EC050 /* CarbonsaurusTests.swift */,
			);
			path = CarbonsaurusTests;
			sourceTree = "<group>";
		};
		1767613A2B8A8018001EC050 /* CarbonsaurusUITests */ = {
			isa = PBXGroup;
			children = (
				1767613B2B8A8018001EC050 /* CarbonsaurusUITests.swift */,
				1767613D2B8A8018001EC050 /* CarbonsaurusUITestsLaunchTests.swift */,
			);
			path = CarbonsaurusUITests;
			sourceTree = "<group>";
		};
/* End PBXGroup section */

/* Begin PBXNativeTarget section */
		1767611C2B8A8017001EC050 /* Carbonsaurus */ = {
			isa = PBXNativeTarget;
			buildConfigurationList = 176761412B8A8018001EC050 /* Build configuration list for PBXNativeTarget "Carbonsaurus" */;
			buildPhases = (
				176761192B8A8017001EC050 /* Sources */,
				1767611A2B8A8017001EC050 /* Frameworks */,
				1767611B2B8A8017001EC050 /* Resources */,
			);
			buildRules = (
			);
			dependencies = (
			);
			name = Carbonsaurus;
			productName = Carbonsaurus;
			productReference = 1767611D2B8A8017001EC050 /* Carbonsaurus.app */;
			productType = "com.apple.product-type.application";
		};
		1767612C2B8A8018001EC050 /* CarbonsaurusTests */ = {
			isa = PBXNativeTarget;
			buildConfigurationList = 176761442B8A8018001EC050 /* Build configuration list for PBXNativeTarget "CarbonsaurusTests" */;
			buildPhases = (
				176761292B8A8018001EC050 /* Sources */,
				1767612A2B8A8018001EC050 /* Frameworks */,
				1767612B2B8A8018001EC050 /* Resources */,
			);
			buildRules = (
			);
			dependencies = (
				1767612F2B8A8018001EC050 /* PBXTargetDependency */,
			);
			name = CarbonsaurusTests;
			productName = CarbonsaurusTests;
			productReference = 1767612D2B8A8018001EC050 /* CarbonsaurusTests.xctest */;
			productType = "com.apple.product-type.bundle.unit-test";
		};
		176761362B8A8018001EC050 /* CarbonsaurusUITests */ = {
			isa = PBXNativeTarget;
			buildConfigurationList = 176761472B8A8018001EC050 /* Build configuration list for PBXNativeTarget "CarbonsaurusUITests" */;
			buildPhases = (
				176761332B8A8018001EC050 /* Sources */,
				176761342B8A8018001EC050 /* Frameworks */,
				176761352B8A8018001EC050 /* Resources */,
			);
			buildRules = (
			);
			dependencies = (
				176761392B8A8018001EC050 /* PBXTargetDependency */,
			);
			name = CarbonsaurusUITests;
			productName = CarbonsaurusUITests;
			productReference = 176761372B8A8018001EC050 /* CarbonsaurusUITests.xctest */;
			productType = "com.apple.product-type.bundle.ui-testing";
		};
/* End PBXNativeTarget section */

/* Begin PBXProject section */
		176761152B8A8017001EC050 /* Project object */ = {
			isa = PBXProject;
			attributes = {
				BuildIndependentTargetsInParallel = 1;
				LastSwiftUpdateCheck = 1520;
				LastUpgradeCheck = 1520;
				TargetAttributes = {
					1767611C2B8A8017001EC050 = {
						CreatedOnToolsVersion = 15.2;
					};
					1767612C2B8A8018001EC050 = {
						CreatedOnToolsVersion = 15.2;
						TestTargetID = 1767611C2B8A8017001EC050;
					};
					176761362B8A8018001EC050 = {
						CreatedOnToolsVersion = 15.2;
						TestTargetID = 1767611C2B8A8017001EC050;
					};
				};
			};
			buildConfigurationList = 176761182B8A8017001EC050 /* Build configuration list for PBXProject "Carbonsaurus" */;
			compatibilityVersion = "Xcode 14.0";
			developmentRegion = en;
			hasScannedForEncodings = 0;
			knownRegions = (
				en,
				Base,
			);
			mainGroup = 176761142B8A8017001EC050;
			productRefGroup = 1767611E2B8A8017001EC050 /* Products */;
			projectDirPath = "";
			projectRoot = "";
			targets = (
				1767611C2B8A8017001EC050 /* Carbonsaurus */,
				1767612C2B8A8018001EC050 /* CarbonsaurusTests */,
				176761362B8A8018001EC050 /* CarbonsaurusUITests */,
			);
		};
/* End PBXProject section */

/* Begin PBXResourcesBuildPhase section */
		1767611B2B8A8017001EC050 /* Resources */ = {
			isa = PBXResourcesBuildPhase;
			buildActionMask = 2147483647;
			files = (
				176761282B8A8018001EC050 /* Preview Assets.xcassets in Resources */,
				176761252B8A8018001EC050 /* Assets.xcassets in Resources */,
			);
			runOnlyForDeploymentPostprocessing = 0;
		};
		1767612B2B8A8018001EC050 /* Resources */ = {
			isa = PBXResourcesBuildPhase;
			buildActionMask = 2147483647;
			files = (
			);
			runOnlyForDeploymentPostprocessing = 0;
		};
		176761352B8A8018001EC050 /* Resources */ = {
			isa = PBXResourcesBuildPhase;
			buildActionMask = 2147483647;
			files = (
			);
			runOnlyForDeploymentPostprocessing = 0;
		};
/* End PBXResourcesBuildPhase section */

/* Begin PBXSourcesBuildPhase section */
		176761192B8A8017001EC050 /* Sources */ = {
			isa = PBXSourcesBuildPhase;
			buildActionMask = 2147483647;
			files = (
				176761232B8A8017001EC050 /* ContentView.swift in Sources */,
				176761212B8A8017001EC050 /* CarbonsaurusApp.swift in Sources */,
			);
			runOnlyForDeploymentPostprocessing = 0;
		};
		176761292B8A8018001EC050 /* Sources */ = {
			isa = PBXSourcesBuildPhase;
			buildActionMask = 2147483647;
			files = (
				176761322B8A8018001EC050 /* CarbonsaurusTests.swift in Sources */,
			);
			runOnlyForDeploymentPostprocessing = 0;
		};
		176761332B8A8018001EC050 /* Sources */ = {
			isa = PBXSourcesBuildPhase;
			buildActionMask = 2147483647;
			files = (
				1767613E2B8A8018001EC050 /* CarbonsaurusUITestsLaunchTests.swift in Sources */,
				1767613C2B8A8018001EC050 /* CarbonsaurusUITests.swift in Sources */,
			);
			runOnlyForDeploymentPostprocessing = 0;
		};
/* End PBXSourcesBuildPhase section */

/* Begin PBXTargetDependency section */
		1767612F2B8A8018001EC050 /* PBXTargetDependency */ = {
			isa = PBXTargetDependency;
			target = 1767611C2B8A8017001EC050 /* Carbonsaurus */;
			targetProxy = 1767612E2B8A8018001EC050 /* PBXContainerItemProxy */;
		};
		176761392B8A8018001EC050 /* PBXTargetDependency */ = {
			isa = PBXTargetDependency;
			target = 1767611C2B8A8017001EC050 /* Carbonsaurus */;
			targetProxy = 176761382B8A8018001EC050 /* PBXContainerItemProxy */;
		};
/* End PBXTargetDependency section */

/* Begin XCBuildConfiguration section */
		1767613F2B8A8018001EC050 /* Debug */ = {
			isa = XCBuildConfiguration;
			buildSettings = {
				ALWAYS_SEARCH_USER_PATHS = NO;
				ASSETCATALOG_COMPILER_GENERATE_SWIFT_ASSET_SYMBOL_EXTENSIONS = YES;
				CLANG_ANALYZER_NONNULL = YES;
				CLANG_ANALYZER_NUMBER_OBJECT_CONVERSION = YES_AGGRESSIVE;
				CLANG_CXX_LANGUAGE_STANDARD = "gnu++20";
				CLANG_ENABLE_MODULES = YES;
				CLANG_ENABLE_OBJC_ARC = YES;
				CLANG_ENABLE_OBJC_WEAK = YES;
				CLANG_WARN_BLOCK_CAPTURE_AUTORELEASING = YES;
				CLANG_WARN_BOOL_CONVERSION = YES;
				CLANG_WARN_COMMA = YES;
				CLANG_WARN_CONSTANT_CONVERSION = YES;
				CLANG_WARN_DEPRECATED_OBJC_IMPLEMENTATIONS = YES;
				CLANG_WARN_DIRECT_OBJC_ISA_USAGE = YES_ERROR;
				CLANG_WARN_DOCUMENTATION_COMMENTS = YES;
				CLANG_WARN_EMPTY_BODY = YES;
				CLANG_WARN_ENUM_CONVERSION = YES;
				CLANG_WARN_INFINITE_RECURSION = YES;
				CLANG_WARN_INT_CONVERSION = YES;
				CLANG_WARN_NON_LITERAL_NULL_CONVERSION = YES;
				CLANG_WARN_OBJC_IMPLICIT_RETAIN_SELF = YES;
				CLANG_WARN_OBJC_LITERAL_CONVERSION = YES;
				CLANG_WARN_OBJC_ROOT_CLASS = YES_ERROR;
				CLANG_WARN_QUOTED_INCLUDE_IN_FRAMEWORK_HEADER = YES;
				CLANG_WARN_RANGE_LOOP_ANALYSIS = YES;
				CLANG_WARN_STRICT_PROTOTYPES = YES;
				CLANG_WARN_SUSPICIOUS_MOVE = YES;
				CLANG_WARN_UNGUARDED_AVAILABILITY = YES_AGGRESSIVE;
				CLANG_WARN_UNREACHABLE_CODE = YES;
				CLANG_WARN__DUPLICATE_METHOD_MATCH = YES;
				COPY_PHASE_STRIP = NO;
				DEBUG_INFORMATION_FORMAT = dwarf;
				ENABLE_STRICT_OBJC_MSGSEND = YES;
				ENABLE_TESTABILITY = YES;
				ENABLE_USER_SCRIPT_SANDBOXING = YES;
				GCC_C_LANGUAGE_STANDARD = gnu17;
				GCC_DYNAMIC_NO_PIC = NO;
				GCC_NO_COMMON_BLOCKS = YES;
				GCC_OPTIMIZATION_LEVEL = 0;
				GCC_PREPROCESSOR_DEFINITIONS = (
					"DEBUG=1",
					"$(inherited)",
				);
				GCC_WARN_64_TO_32_BIT_CONVERSION = YES;
				GCC_WARN_ABOUT_RETURN_TYPE = YES_ERROR;
				GCC_WARN_UNDECLARED_SELECTOR = YES;
				GCC_WARN_UNINITIALIZED_AUTOS = YES_AGGRESSIVE;
				GCC_WARN_UNUSED_FUNCTION = YES;
				GCC_WARN_UNUSED_VARIABLE = YES;
				IPHONEOS_DEPLOYMENT_TARGET = 17.2;
				LOCALIZATION_PREFERS_STRING_CATALOGS = YES;
				MTL_ENABLE_DEBUG_INFO = INCLUDE_SOURCE;
				MTL_FAST_MATH = YES;
				ONLY_ACTIVE_ARCH = YES;
				SDKROOT = iphoneos;
				SWIFT_ACTIVE_COMPILATION_CONDITIONS = "DEBUG $(inherited)";
				SWIFT_OPTIMIZATION_LEVEL = "-Onone";
			};
			name = Debug;
		};
		176761402B8A8018001EC050 /* Release */ = {
			isa = XCBuildConfiguration;
			buildSettings = {
				ALWAYS_SEARCH_USER_PATHS = NO;
				ASSETCATALOG_COMPILER_GENERATE_SWIFT_ASSET_SYMBOL_EXTENSIONS = YES;
				CLANG_ANALYZER_NONNULL = YES;
				CLANG_ANALYZER_NUMBER_OBJECT_CONVERSION = YES_AGGRESSIVE;
				CLANG_CXX_LANGUAGE_STANDARD = "gnu++20";
				CLANG_ENABLE_MODULES = YES;
				CLANG_ENABLE_OBJC_ARC = YES;
				CLANG_ENABLE_OBJC_WEAK = YES;
				CLANG_WARN_BLOCK_CAPTURE_AUTORELEASING = YES;
				CLANG_WARN_BOOL_CONVERSION = YES;
				CLANG_WARN_COMMA = YES;
				CLANG_WARN_CONSTANT_CONVERSION = YES;
				CLANG_WARN_DEPRECATED_OBJC_IMPLEMENTATIONS = YES;
				CLANG_WARN_DIRECT_OBJC_ISA_USAGE = YES_ERROR;
				CLANG_WARN_DOCUMENTATION_COMMENTS = YES;
				CLANG_WARN_EMPTY_BODY = YES;
				CLANG_WARN_ENUM_CONVERSION = YES;
				CLANG_WARN_INFINITE_RECURSION = YES;
				CLANG_WARN_INT_CONVERSION = YES;
				CLANG_WARN_NON_LITERAL_NULL_CONVERSION = YES;
				CLANG_WARN_OBJC_IMPLICIT_RETAIN_SELF = YES;
				CLANG_WARN_OBJC_LITERAL_CONVERSION = YES;
				CLANG_WARN_OBJC_ROOT_CLASS = YES_ERROR;
				CLANG_WARN_QUOTED_INCLUDE_IN_FRAMEWORK_HEADER = YES;
				CLANG_WARN_RANGE_LOOP_ANALYSIS = YES;
				CLANG_WARN_STRICT_PROTOTYPES = YES;
				CLANG_WARN_SUSPICIOUS_MOVE = YES;
				CLANG_WARN_UNGUARDED_AVAILABILITY = YES_AGGRESSIVE;
				CLANG_WARN_UNREACHABLE_CODE = YES;
				CLANG_WARN__DUPLICATE_METHOD_MATCH = YES;
				COPY_PHASE_STRIP = NO;
				DEBUG_INFORMATION_FORMAT = "dwarf-with-dsym";
				ENABLE_NS_ASSERTIONS = NO;
				ENABLE_STRICT_OBJC_MSGSEND = YES;
				ENABLE_USER_SCRIPT_SANDBOXING = YES;
				GCC_C_LANGUAGE_STANDARD = gnu17;
				GCC_NO_COMMON_BLOCKS = YES;
				GCC_WARN_64_TO_32_BIT_CONVERSION = YES;
				GCC_WARN_ABOUT_RETURN_TYPE = YES_ERROR;
				GCC_WARN_UNDECLARED_SELECTOR = YES;
				GCC_WARN_UNINITIALIZED_AUTOS = YES_AGGRESSIVE;
				GCC_WARN_UNUSED_FUNCTION = YES;
				GCC_WARN_UNUSED_VARIABLE = YES;
				IPHONEOS_DEPLOYMENT_TARGET = 17.2;
				LOCALIZATION_PREFERS_STRING_CATALOGS = YES;
				MTL_ENABLE_DEBUG_INFO = NO;
				MTL_FAST_MATH = YES;
				SDKROOT = iphoneos;
				SWIFT_COMPILATION_MODE = wholemodule;
				VALIDATE_PRODUCT = YES;
			};
			name = Release;
		};
		176761422B8A8018001EC050 /* Debug */ = {
			isa = XCBuildConfiguration;
			buildSettings = {
				ASSETCATALOG_COMPILER_APPICON_NAME = AppIcon;
				ASSETCATALOG_COMPILER_GLOBAL_ACCENT_COLOR_NAME = AccentColor;
				CODE_SIGN_STYLE = Automatic;
				CURRENT_PROJECT_VERSION = 1;
				DEVELOPMENT_ASSET_PATHS = "\"Carbonsaurus/Preview Content\"";
				ENABLE_PREVIEWS = YES;
				GENERATE_INFOPLIST_FILE = YES;
				INFOPLIST_KEY_UIApplicationSceneManifest_Generation = YES;
				INFOPLIST_KEY_UIApplicationSupportsIndirectInputEvents = YES;
				INFOPLIST_KEY_UILaunchScreen_Generation = YES;
				INFOPLIST_KEY_UISupportedInterfaceOrientations_iPad = "UIInterfaceOrientationPortrait UIInterfaceOrientationPortraitUpsideDown UIInterfaceOrientationLandscapeLeft UIInterfaceOrientationLandscapeRight";
				INFOPLIST_KEY_UISupportedInterfaceOrientations_iPhone = "UIInterfaceOrientationPortrait UIInterfaceOrientationLandscapeLeft UIInterfaceOrientationLandscapeRight";
				LD_RUNPATH_SEARCH_PATHS = (
					"$(inherited)",
					"@executable_path/Frameworks",
				);
				MARKETING_VERSION = 1.0;
				PRODUCT_BUNDLE_IDENTIFIER = rowdydinos.Carbonsaurus;
				PRODUCT_NAME = "$(TARGET_NAME)";
				SWIFT_EMIT_LOC_STRINGS = YES;
				SWIFT_VERSION = 5.0;
				TARGETED_DEVICE_FAMILY = "1,2";
			};
			name = Debug;
		};
		176761432B8A8018001EC050 /* Release */ = {
			isa = XCBuildConfiguration;
			buildSettings = {
				ASSETCATALOG_COMPILER_APPICON_NAME = AppIcon;
				ASSETCATALOG_COMPILER_GLOBAL_ACCENT_COLOR_NAME = AccentColor;
				CODE_SIGN_STYLE = Automatic;
				CURRENT_PROJECT_VERSION = 1;
				DEVELOPMENT_ASSET_PATHS = "\"Carbonsaurus/Preview Content\"";
				ENABLE_PREVIEWS = YES;
				GENERATE_INFOPLIST_FILE = YES;
				INFOPLIST_KEY_UIApplicationSceneManifest_Generation = YES;
				INFOPLIST_KEY_UIApplicationSupportsIndirectInputEvents = YES;
				INFOPLIST_KEY_UILaunchScreen_Generation = YES;
				INFOPLIST_KEY_UISupportedInterfaceOrientations_iPad = "UIInterfaceOrientationPortrait UIInterfaceOrientationPortraitUpsideDown UIInterfaceOrientationLandscapeLeft UIInterfaceOrientationLandscapeRight";
				INFOPLIST_KEY_UISupportedInterfaceOrientations_iPhone = "UIInterfaceOrientationPortrait UIInterfaceOrientationLandscapeLeft UIInterfaceOrientationLandscapeRight";
				LD_RUNPATH_SEARCH_PATHS = (
					"$(inherited)",
					"@executable_path/Frameworks",
				);
				MARKETING_VERSION = 1.0;
				PRODUCT_BUNDLE_IDENTIFIER = rowdydinos.Carbonsaurus;
				PRODUCT_NAME = "$(TARGET_NAME)";
				SWIFT_EMIT_LOC_STRINGS = YES;
				SWIFT_VERSION = 5.0;
				TARGETED_DEVICE_FAMILY = "1,2";
			};
			name = Release;
		};
		176761452B8A8018001EC050 /* Debug */ = {
			isa = XCBuildConfiguration;
			buildSettings = {
				ALWAYS_EMBED_SWIFT_STANDARD_LIBRARIES = YES;
				BUNDLE_LOADER = "$(TEST_HOST)";
				CODE_SIGN_STYLE = Automatic;
				CURRENT_PROJECT_VERSION = 1;
				GENERATE_INFOPLIST_FILE = YES;
				IPHONEOS_DEPLOYMENT_TARGET = 17.2;
				MARKETING_VERSION = 1.0;
				PRODUCT_BUNDLE_IDENTIFIER = rowdydinos.CarbonsaurusTests;
				PRODUCT_NAME = "$(TARGET_NAME)";
				SWIFT_EMIT_LOC_STRINGS = NO;
				SWIFT_VERSION = 5.0;
				TARGETED_DEVICE_FAMILY = "1,2";
				TEST_HOST = "$(BUILT_PRODUCTS_DIR)/Carbonsaurus.app/$(BUNDLE_EXECUTABLE_FOLDER_PATH)/Carbonsaurus";
			};
			name = Debug;
		};
		176761462B8A8018001EC050 /* Release */ = {
			isa = XCBuildConfiguration;
			buildSettings = {
				ALWAYS_EMBED_SWIFT_STANDARD_LIBRARIES = YES;
				BUNDLE_LOADER = "$(TEST_HOST)";
				CODE_SIGN_STYLE = Automatic;
				CURRENT_PROJECT_VERSION = 1;
				GENERATE_INFOPLIST_FILE = YES;
				IPHONEOS_DEPLOYMENT_TARGET = 17.2;
				MARKETING_VERSION = 1.0;
				PRODUCT_BUNDLE_IDENTIFIER = rowdydinos.CarbonsaurusTests;
				PRODUCT_NAME = "$(TARGET_NAME)";
				SWIFT_EMIT_LOC_STRINGS = NO;
				SWIFT_VERSION = 5.0;
				TARGETED_DEVICE_FAMILY = "1,2";
				TEST_HOST = "$(BUILT_PRODUCTS_DIR)/Carbonsaurus.app/$(BUNDLE_EXECUTABLE_FOLDER_PATH)/Carbonsaurus";
			};
			name = Release;
		};
		176761482B8A8018001EC050 /* Debug */ = {
			isa = XCBuildConfiguration;
			buildSettings = {
				ALWAYS_EMBED_SWIFT_STANDARD_LIBRARIES = YES;
				CODE_SIGN_STYLE = Automatic;
				CURRENT_PROJECT_VERSION = 1;
				GENERATE_INFOPLIST_FILE = YES;
				MARKETING_VERSION = 1.0;
				PRODUCT_BUNDLE_IDENTIFIER = rowdydinos.CarbonsaurusUITests;
				PRODUCT_NAME = "$(TARGET_NAME)";
				SWIFT_EMIT_LOC_STRINGS = NO;
				SWIFT_VERSION = 5.0;
				TARGETED_DEVICE_FAMILY = "1,2";
				TEST_TARGET_NAME = Carbonsaurus;
			};
			name = Debug;
		};
		176761492B8A8018001EC050 /* Release */ = {
			isa = XCBuildConfiguration;
			buildSettings = {
				ALWAYS_EMBED_SWIFT_STANDARD_LIBRARIES = YES;
				CODE_SIGN_STYLE = Automatic;
				CURRENT_PROJECT_VERSION = 1;
				GENERATE_INFOPLIST_FILE = YES;
				MARKETING_VERSION = 1.0;
				PRODUCT_BUNDLE_IDENTIFIER = rowdydinos.CarbonsaurusUITests;
				PRODUCT_NAME = "$(TARGET_NAME)";
				SWIFT_EMIT_LOC_STRINGS = NO;
				SWIFT_VERSION = 5.0;
				TARGETED_DEVICE_FAMILY = "1,2";
				TEST_TARGET_NAME = Carbonsaurus;
			};
			name = Release;
		};
/* End XCBuildConfiguration section */

/* Begin XCConfigurationList section */
		176761182B8A8017001EC050 /* Build configuration list for PBXProject "Carbonsaurus" */ = {
			isa = XCConfigurationList;
			buildConfigurations = (
				1767613F2B8A8018001EC050 /* Debug */,
				176761402B8A8018001EC050 /* Release */,
			);
			defaultConfigurationIsVisible = 0;
			defaultConfigurationName = Release;
		};
		176761412B8A8018001EC050 /* Build configuration list for PBXNativeTarget "Carbonsaurus" */ = {
			isa = XCConfigurationList;
			buildConfigurations = (
				176761422B8A8018001EC050 /* Debug */,
				176761432B8A8018001EC050 /* Release */,
			);
			defaultConfigurationIsVisible = 0;
			defaultConfigurationName = Release;
		};
		176761442B8A8018001EC050 /* Build configuration list for PBXNativeTarget "CarbonsaurusTests" */ = {
			isa = XCConfigurationList;
			buildConfigurations = (
				176761452B8A8018001EC050 /* Debug */,
				176761462B8A8018001EC050 /* Release */,
			);
			defaultConfigurationIsVisible = 0;
			defaultConfigurationName = Release;
		};
		176761472B8A8018001EC050 /* Build configuration list for PBXNativeTarget "CarbonsaurusUITests" */ = {
			isa = XCConfigurationList;
			buildConfigurations = (
				176761482B8A8018001EC050 /* Debug */,
				176761492B8A8018001EC050 /* Release */,
			);
			defaultConfigurationIsVisible = 0;
			defaultConfigurationName = Release;
		};
/* End XCConfigurationList section */
	};
	rootObject = 176761152B8A8017001EC050 /* Project object */;
}
