// !$*UTF8*$!
{
	archiveVersion = 1;
	classes = {
	};
	objectVersion = 56;
	objects = {

/* Begin PBXBuildFile section */
		176761212B8A8017001EC050 /* CarbonsaurusApp.swift in Sources */ = {isa = PBXBuildFile; fileRef = 176761202B8A8017001EC050 /* CarbonsaurusApp.swift */; };
		176761252B8A8018001EC050 /* Assets.xcassets in Resources */ = {isa = PBXBuildFile; fileRef = 176761242B8A8018001EC050 /* Assets.xcassets */; };
		176761282B8A8018001EC050 /* Preview Assets.xcassets in Resources */ = {isa = PBXBuildFile; fileRef = 176761272B8A8018001EC050 /* Preview Assets.xcassets */; };
		176761322B8A8018001EC050 /* CarbonsaurusTests.swift in Sources */ = {isa = PBXBuildFile; fileRef = 176761312B8A8018001EC050 /* CarbonsaurusTests.swift */; };
		1767613C2B8A8018001EC050 /* CarbonsaurusUITests.swift in Sources */ = {isa = PBXBuildFile; fileRef = 1767613B2B8A8018001EC050 /* CarbonsaurusUITests.swift */; };
		1767613E2B8A8018001EC050 /* CarbonsaurusUITestsLaunchTests.swift in Sources */ = {isa = PBXBuildFile; fileRef = 1767613D2B8A8018001EC050 /* CarbonsaurusUITestsLaunchTests.swift */; };
		1767614D2B8A8CC6001EC050 /* ProfileTab.swift in Sources */ = {isa = PBXBuildFile; fileRef = 1767614C2B8A8CC6001EC050 /* ProfileTab.swift */; };
		1767614F2B8A8CD0001EC050 /* DiaryTab.swift in Sources */ = {isa = PBXBuildFile; fileRef = 1767614E2B8A8CD0001EC050 /* DiaryTab.swift */; };
		176761532B8A8CE4001EC050 /* FeedTab.swift in Sources */ = {isa = PBXBuildFile; fileRef = 176761522B8A8CE4001EC050 /* FeedTab.swift */; };
		176761552B8A8CEF001EC050 /* DiaryEntry.swift in Sources */ = {isa = PBXBuildFile; fileRef = 176761542B8A8CEF001EC050 /* DiaryEntry.swift */; };
		176761572B8A8CFB001EC050 /* NewsComponent.swift in Sources */ = {isa = PBXBuildFile; fileRef = 176761562B8A8CFB001EC050 /* NewsComponent.swift */; };
		1767615A2B8AA267001EC050 /* diary.swift in Sources */ = {isa = PBXBuildFile; fileRef = 176761592B8AA267001EC050 /* diary.swift */; };
		1767615C2B8AA2AA001EC050 /* DiaryCreator.swift in Sources */ = {isa = PBXBuildFile; fileRef = 1767615B2B8AA2AA001EC050 /* DiaryCreator.swift */; };
		176761622B8ADBBB001EC050 /* user.swift in Sources */ = {isa = PBXBuildFile; fileRef = 176761612B8ADBBB001EC050 /* user.swift */; };
		176761662B8B15AF001EC050 /* Onboarding.swift in Sources */ = {isa = PBXBuildFile; fileRef = 176761652B8B15AF001EC050 /* Onboarding.swift */; };
		C492E6A32B8AA77F00969486 /* FeedService.swift in Sources */ = {isa = PBXBuildFile; fileRef = C492E6A22B8AA77F00969486 /* FeedService.swift */; };
		C492E6A52B8AD74400969486 /* Util.swift in Sources */ = {isa = PBXBuildFile; fileRef = C492E6A42B8AD74400969486 /* Util.swift */; };
		C492E6B72B8AF69D00969486 /* Shimmer in Frameworks */ = {isa = PBXBuildFile; productRef = C492E6B62B8AF69D00969486 /* Shimmer */; };
		C492E6B92B8AF70800969486 /* SkeletonNewsComponent.swift in Sources */ = {isa = PBXBuildFile; fileRef = C492E6B82B8AF70800969486 /* SkeletonNewsComponent.swift */; };
		C492E6BC2B8B0F6B00969486 /* SDWebImageSwiftUI in Frameworks */ = {isa = PBXBuildFile; productRef = C492E6BB2B8B0F6B00969486 /* SDWebImageSwiftUI */; };
		C492E6BE2B8B0FC800969486 /* GifView.swift in Sources */ = {isa = PBXBuildFile; fileRef = C492E6BD2B8B0FC800969486 /* GifView.swift */; };
		C492E6C02B8B120900969486 /* meteor-rock.gif in Resources */ = {isa = PBXBuildFile; fileRef = C492E6BF2B8B120900969486 /* meteor-rock.gif */; };
		C4CFEF922B8B1496002AE026 /* MeteorView.swift in Sources */ = {isa = PBXBuildFile; fileRef = C4CFEF912B8B1495002AE026 /* MeteorView.swift */; };
		C4CFEF942B8B1902002AE026 /* explosion.mp3 in Resources */ = {isa = PBXBuildFile; fileRef = C4CFEF932B8B1902002AE026 /* explosion.mp3 */; };
/* End PBXBuildFile section */

/* Begin PBXContainerItemProxy section */
		1767612E2B8A8018001EC050 /* PBXContainerItemProxy */ = {
			isa = PBXContainerItemProxy;
			containerPortal = 176761152B8A8017001EC050 /* Project object */;
			proxyType = 1;
			remoteGlobalIDString = 1767611C2B8A8017001EC050;
			remoteInfo = Carbonsaurus;
		};
		176761382B8A8018001EC050 /* PBXContainerItemProxy */ = {
			isa = PBXContainerItemProxy;
			containerPortal = 176761152B8A8017001EC050 /* Project object */;
			proxyType = 1;
			remoteGlobalIDString = 1767611C2B8A8017001EC050;
			remoteInfo = Carbonsaurus;
		};
/* End PBXContainerItemProxy section */

/* Begin PBXFileReference section */
		1767611D2B8A8017001EC050 /* Carbonsaurus.app */ = {isa = PBXFileReference; explicitFileType = wrapper.application; includeInIndex = 0; path = Carbonsaurus.app; sourceTree = BUILT_PRODUCTS_DIR; };
		176761202B8A8017001EC050 /* CarbonsaurusApp.swift */ = {isa = PBXFileReference; lastKnownFileType = sourcecode.swift; path = CarbonsaurusApp.swift; sourceTree = "<group>"; };
		176761242B8A8018001EC050 /* Assets.xcassets */ = {isa = PBXFileReference; lastKnownFileType = folder.assetcatalog; path = Assets.xcassets; sourceTree = "<group>"; };
		176761272B8A8018001EC050 /* Preview Assets.xcassets */ = {isa = PBXFileReference; lastKnownFileType = folder.assetcatalog; path = "Preview Assets.xcassets"; sourceTree = "<group>"; };
		1767612D2B8A8018001EC050 /* CarbonsaurusTests.xctest */ = {isa = PBXFileReference; explicitFileType = wrapper.cfbundle; includeInIndex = 0; path = CarbonsaurusTests.xctest; sourceTree = BUILT_PRODUCTS_DIR; };
		176761312B8A8018001EC050 /* CarbonsaurusTests.swift */ = {isa = PBXFileReference; lastKnownFileType = sourcecode.swift; path = CarbonsaurusTests.swift; sourceTree = "<group>"; };
		176761372B8A8018001EC050 /* CarbonsaurusUITests.xctest */ = {isa = PBXFileReference; explicitFileType = wrapper.cfbundle; includeInIndex = 0; path = CarbonsaurusUITests.xctest; sourceTree = BUILT_PRODUCTS_DIR; };
		1767613B2B8A8018001EC050 /* CarbonsaurusUITests.swift */ = {isa = PBXFileReference; lastKnownFileType = sourcecode.swift; path = CarbonsaurusUITests.swift; sourceTree = "<group>"; };
		1767613D2B8A8018001EC050 /* CarbonsaurusUITestsLaunchTests.swift */ = {isa = PBXFileReference; lastKnownFileType = sourcecode.swift; path = CarbonsaurusUITestsLaunchTests.swift; sourceTree = "<group>"; };
		1767614C2B8A8CC6001EC050 /* ProfileTab.swift */ = {isa = PBXFileReference; lastKnownFileType = sourcecode.swift; path = ProfileTab.swift; sourceTree = "<group>"; };
		1767614E2B8A8CD0001EC050 /* DiaryTab.swift */ = {isa = PBXFileReference; lastKnownFileType = sourcecode.swift; path = DiaryTab.swift; sourceTree = "<group>"; };
		176761522B8A8CE4001EC050 /* FeedTab.swift */ = {isa = PBXFileReference; lastKnownFileType = sourcecode.swift; path = FeedTab.swift; sourceTree = "<group>"; };
		176761542B8A8CEF001EC050 /* DiaryEntry.swift */ = {isa = PBXFileReference; lastKnownFileType = sourcecode.swift; path = DiaryEntry.swift; sourceTree = "<group>"; };
		176761562B8A8CFB001EC050 /* NewsComponent.swift */ = {isa = PBXFileReference; lastKnownFileType = sourcecode.swift; path = NewsComponent.swift; sourceTree = "<group>"; };
		176761592B8AA267001EC050 /* diary.swift */ = {isa = PBXFileReference; lastKnownFileType = sourcecode.swift; path = diary.swift; sourceTree = "<group>"; };
		1767615B2B8AA2AA001EC050 /* DiaryCreator.swift */ = {isa = PBXFileReference; lastKnownFileType = sourcecode.swift; path = DiaryCreator.swift; sourceTree = "<group>"; };
		176761612B8ADBBB001EC050 /* user.swift */ = {isa = PBXFileReference; lastKnownFileType = sourcecode.swift; path = user.swift; sourceTree = "<group>"; };
		176761652B8B15AF001EC050 /* Onboarding.swift */ = {isa = PBXFileReference; lastKnownFileType = sourcecode.swift; path = Onboarding.swift; sourceTree = "<group>"; };
		C492E6A22B8AA77F00969486 /* FeedService.swift */ = {isa = PBXFileReference; lastKnownFileType = sourcecode.swift; path = FeedService.swift; sourceTree = "<group>"; };
		C492E6A42B8AD74400969486 /* Util.swift */ = {isa = PBXFileReference; lastKnownFileType = sourcecode.swift; path = Util.swift; sourceTree = "<group>"; };
		C492E6B82B8AF70800969486 /* SkeletonNewsComponent.swift */ = {isa = PBXFileReference; lastKnownFileType = sourcecode.swift; path = SkeletonNewsComponent.swift; sourceTree = "<group>"; };
		C492E6BD2B8B0FC800969486 /* GifView.swift */ = {isa = PBXFileReference; lastKnownFileType = sourcecode.swift; path = GifView.swift; sourceTree = "<group>"; };
		C492E6BF2B8B120900969486 /* meteor-rock.gif */ = {isa = PBXFileReference; lastKnownFileType = image.gif; path = "meteor-rock.gif"; sourceTree = "<group>"; };
		C4CFEF912B8B1495002AE026 /* MeteorView.swift */ = {isa = PBXFileReference; lastKnownFileType = sourcecode.swift; path = MeteorView.swift; sourceTree = "<group>"; };
		C4CFEF932B8B1902002AE026 /* explosion.mp3 */ = {isa = PBXFileReference; lastKnownFileType = audio.mp3; path = explosion.mp3; sourceTree = "<group>"; };
/* End PBXFileReference section */

/* Begin PBXFrameworksBuildPhase section */
		1767611A2B8A8017001EC050 /* Frameworks */ = {
			isa = PBXFrameworksBuildPhase;
			buildActionMask = 2147483647;
			files = (
				C492E6BC2B8B0F6B00969486 /* SDWebImageSwiftUI in Frameworks */,
				C492E6B72B8AF69D00969486 /* Shimmer in Frameworks */,
			);
			runOnlyForDeploymentPostprocessing = 0;
		};
		1767612A2B8A8018001EC050 /* Frameworks */ = {
			isa = PBXFrameworksBuildPhase;
			buildActionMask = 2147483647;
			files = (
			);
			runOnlyForDeploymentPostprocessing = 0;
		};
		176761342B8A8018001EC050 /* Frameworks */ = {
			isa = PBXFrameworksBuildPhase;
			buildActionMask = 2147483647;
			files = (
			);
			runOnlyForDeploymentPostprocessing = 0;
		};
/* End PBXFrameworksBuildPhase section */

/* Begin PBXGroup section */
		176761142B8A8017001EC050 = {
			isa = PBXGroup;
			children = (
				1767611F2B8A8017001EC050 /* Carbonsaurus */,
				176761302B8A8018001EC050 /* CarbonsaurusTests */,
				1767613A2B8A8018001EC050 /* CarbonsaurusUITests */,
				1767611E2B8A8017001EC050 /* Products */,
			);
			sourceTree = "<group>";
		};
		1767611E2B8A8017001EC050 /* Products */ = {
			isa = PBXGroup;
			children = (
				1767611D2B8A8017001EC050 /* Carbonsaurus.app */,
				1767612D2B8A8018001EC050 /* CarbonsaurusTests.xctest */,
				176761372B8A8018001EC050 /* CarbonsaurusUITests.xctest */,
			);
			name = Products;
			sourceTree = "<group>";
		};
		1767611F2B8A8017001EC050 /* Carbonsaurus */ = {
			isa = PBXGroup;
			children = (
				C4CFEF932B8B1902002AE026 /* explosion.mp3 */,
				C492E6BF2B8B120900969486 /* meteor-rock.gif */,
				176761202B8A8017001EC050 /* CarbonsaurusApp.swift */,
				176761582B8AA24B001EC050 /* util */,
				1767614B2B8A8CB1001EC050 /* components */,
				1767614A2B8A8CA9001EC050 /* views */,
				176761242B8A8018001EC050 /* Assets.xcassets */,
				176761262B8A8018001EC050 /* Preview Content */,
			);
			path = Carbonsaurus;
			sourceTree = "<group>";
		};
		176761262B8A8018001EC050 /* Preview Content */ = {
			isa = PBXGroup;
			children = (
				176761272B8A8018001EC050 /* Preview Assets.xcassets */,
			);
			path = "Preview Content";
			sourceTree = "<group>";
		};
		176761302B8A8018001EC050 /* CarbonsaurusTests */ = {
			isa = PBXGroup;
			children = (
				176761312B8A8018001EC050 /* CarbonsaurusTests.swift */,
			);
			path = CarbonsaurusTests;
			sourceTree = "<group>";
		};
		1767613A2B8A8018001EC050 /* CarbonsaurusUITests */ = {
			isa = PBXGroup;
			children = (
				1767613B2B8A8018001EC050 /* CarbonsaurusUITests.swift */,
				1767613D2B8A8018001EC050 /* CarbonsaurusUITestsLaunchTests.swift */,
			);
			path = CarbonsaurusUITests;
			sourceTree = "<group>";
		};
		1767614A2B8A8CA9001EC050 /* views */ = {
			isa = PBXGroup;
			children = (
				C492E6A12B8AA76500969486 /* Feed */,
				1767614C2B8A8CC6001EC050 /* ProfileTab.swift */,
				1767614E2B8A8CD0001EC050 /* DiaryTab.swift */,
				1767615B2B8AA2AA001EC050 /* DiaryCreator.swift */,
				176761652B8B15AF001EC050 /* Onboarding.swift */,
			);
			path = views;
			sourceTree = "<group>";
		};
		1767614B2B8A8CB1001EC050 /* components */ = {
			isa = PBXGroup;
			children = (
				C4CFEF912B8B1495002AE026 /* MeteorView.swift */,
				176761542B8A8CEF001EC050 /* DiaryEntry.swift */,
				176761562B8A8CFB001EC050 /* NewsComponent.swift */,
				C492E6B82B8AF70800969486 /* SkeletonNewsComponent.swift */,
				C492E6BD2B8B0FC800969486 /* GifView.swift */,
			);
			path = components;
			sourceTree = "<group>";
		};
		176761582B8AA24B001EC050 /* util */ = {
			isa = PBXGroup;
			children = (
				176761592B8AA267001EC050 /* diary.swift */,
				C492E6A42B8AD74400969486 /* Util.swift */,
				176761612B8ADBBB001EC050 /* user.swift */,
			);
			path = util;
			sourceTree = "<group>";
		};
		C492E6A12B8AA76500969486 /* Feed */ = {
			isa = PBXGroup;
			children = (
				176761522B8A8CE4001EC050 /* FeedTab.swift */,
				C492E6A22B8AA77F00969486 /* FeedService.swift */,
			);
			path = Feed;
			sourceTree = "<group>";
		};
/* End PBXGroup section */

/* Begin PBXNativeTarget section */
		1767611C2B8A8017001EC050 /* Carbonsaurus */ = {
			isa = PBXNativeTarget;
			buildConfigurationList = 176761412B8A8018001EC050 /* Build configuration list for PBXNativeTarget "Carbonsaurus" */;
			buildPhases = (
				176761192B8A8017001EC050 /* Sources */,
				1767611A2B8A8017001EC050 /* Frameworks */,
				1767611B2B8A8017001EC050 /* Resources */,
			);
			buildRules = (
			);
			dependencies = (
			);
			name = Carbonsaurus;
			packageProductDependencies = (
				C492E6B62B8AF69D00969486 /* Shimmer */,
				C492E6BB2B8B0F6B00969486 /* SDWebImageSwiftUI */,
			);
			productName = Carbonsaurus;
			productReference = 1767611D2B8A8017001EC050 /* Carbonsaurus.app */;
			productType = "com.apple.product-type.application";
		};
		1767612C2B8A8018001EC050 /* CarbonsaurusTests */ = {
			isa = PBXNativeTarget;
			buildConfigurationList = 176761442B8A8018001EC050 /* Build configuration list for PBXNativeTarget "CarbonsaurusTests" */;
			buildPhases = (
				176761292B8A8018001EC050 /* Sources */,
				1767612A2B8A8018001EC050 /* Frameworks */,
				1767612B2B8A8018001EC050 /* Resources */,
			);
			buildRules = (
			);
			dependencies = (
				1767612F2B8A8018001EC050 /* PBXTargetDependency */,
			);
			name = CarbonsaurusTests;
			productName = CarbonsaurusTests;
			productReference = 1767612D2B8A8018001EC050 /* CarbonsaurusTests.xctest */;
			productType = "com.apple.product-type.bundle.unit-test";
		};
		176761362B8A8018001EC050 /* CarbonsaurusUITests */ = {
			isa = PBXNativeTarget;
			buildConfigurationList = 176761472B8A8018001EC050 /* Build configuration list for PBXNativeTarget "CarbonsaurusUITests" */;
			buildPhases = (
				176761332B8A8018001EC050 /* Sources */,
				176761342B8A8018001EC050 /* Frameworks */,
				176761352B8A8018001EC050 /* Resources */,
			);
			buildRules = (
			);
			dependencies = (
				176761392B8A8018001EC050 /* PBXTargetDependency */,
			);
			name = CarbonsaurusUITests;
			productName = CarbonsaurusUITests;
			productReference = 176761372B8A8018001EC050 /* CarbonsaurusUITests.xctest */;
			productType = "com.apple.product-type.bundle.ui-testing";
		};
/* End PBXNativeTarget section */

/* Begin PBXProject section */
		176761152B8A8017001EC050 /* Project object */ = {
			isa = PBXProject;
			attributes = {
				BuildIndependentTargetsInParallel = 1;
				LastSwiftUpdateCheck = 1520;
				LastUpgradeCheck = 1520;
				TargetAttributes = {
					1767611C2B8A8017001EC050 = {
						CreatedOnToolsVersion = 15.2;
					};
					1767612C2B8A8018001EC050 = {
						CreatedOnToolsVersion = 15.2;
						TestTargetID = 1767611C2B8A8017001EC050;
					};
					176761362B8A8018001EC050 = {
						CreatedOnToolsVersion = 15.2;
						TestTargetID = 1767611C2B8A8017001EC050;
					};
				};
			};
			buildConfigurationList = 176761182B8A8017001EC050 /* Build configuration list for PBXProject "Carbonsaurus" */;
			compatibilityVersion = "Xcode 14.0";
			developmentRegion = en;
			hasScannedForEncodings = 0;
			knownRegions = (
				en,
				Base,
			);
			mainGroup = 176761142B8A8017001EC050;
			packageReferences = (
				C492E6B52B8AF69D00969486 /* XCRemoteSwiftPackageReference "SwiftUI-Shimmer" */,
				C492E6BA2B8B0F6B00969486 /* XCRemoteSwiftPackageReference "SDWebImageSwiftUI" */,
			);
			productRefGroup = 1767611E2B8A8017001EC050 /* Products */;
			projectDirPath = "";
			projectRoot = "";
			targets = (
				1767611C2B8A8017001EC050 /* Carbonsaurus */,
				1767612C2B8A8018001EC050 /* CarbonsaurusTests */,
				176761362B8A8018001EC050 /* CarbonsaurusUITests */,
			);
		};
/* End PBXProject section */

/* Begin PBXResourcesBuildPhase section */
		1767611B2B8A8017001EC050 /* Resources */ = {
			isa = PBXResourcesBuildPhase;
			buildActionMask = 2147483647;
			files = (
				C4CFEF942B8B1902002AE026 /* explosion.mp3 in Resources */,
				C492E6C02B8B120900969486 /* meteor-rock.gif in Resources */,
				176761282B8A8018001EC050 /* Preview Assets.xcassets in Resources */,
				176761252B8A8018001EC050 /* Assets.xcassets in Resources */,
			);
			runOnlyForDeploymentPostprocessing = 0;
		};
		1767612B2B8A8018001EC050 /* Resources */ = {
			isa = PBXResourcesBuildPhase;
			buildActionMask = 2147483647;
			files = (
			);
			runOnlyForDeploymentPostprocessing = 0;
		};
		176761352B8A8018001EC050 /* Resources */ = {
			isa = PBXResourcesBuildPhase;
			buildActionMask = 2147483647;
			files = (
			);
			runOnlyForDeploymentPostprocessing = 0;
		};
/* End PBXResourcesBuildPhase section */

/* Begin PBXSourcesBuildPhase section */
		176761192B8A8017001EC050 /* Sources */ = {
			isa = PBXSourcesBuildPhase;
			buildActionMask = 2147483647;
			files = (
				176761532B8A8CE4001EC050 /* FeedTab.swift in Sources */,
				1767614D2B8A8CC6001EC050 /* ProfileTab.swift in Sources */,
				1767614F2B8A8CD0001EC050 /* DiaryTab.swift in Sources */,
				176761572B8A8CFB001EC050 /* NewsComponent.swift in Sources */,
				1767615A2B8AA267001EC050 /* diary.swift in Sources */,
				176761552B8A8CEF001EC050 /* DiaryEntry.swift in Sources */,
				1767615C2B8AA2AA001EC050 /* DiaryCreator.swift in Sources */,
				C492E6BE2B8B0FC800969486 /* GifView.swift in Sources */,
				C492E6B92B8AF70800969486 /* SkeletonNewsComponent.swift in Sources */,
				176761662B8B15AF001EC050 /* Onboarding.swift in Sources */,
				C492E6A52B8AD74400969486 /* Util.swift in Sources */,
				176761212B8A8017001EC050 /* CarbonsaurusApp.swift in Sources */,
				176761622B8ADBBB001EC050 /* user.swift in Sources */,
				C492E6A32B8AA77F00969486 /* FeedService.swift in Sources */,
				C4CFEF922B8B1496002AE026 /* MeteorView.swift in Sources */,
			);
			runOnlyForDeploymentPostprocessing = 0;
		};
		176761292B8A8018001EC050 /* Sources */ = {
			isa = PBXSourcesBuildPhase;
			buildActionMask = 2147483647;
			files = (
				176761322B8A8018001EC050 /* CarbonsaurusTests.swift in Sources */,
			);
			runOnlyForDeploymentPostprocessing = 0;
		};
		176761332B8A8018001EC050 /* Sources */ = {
			isa = PBXSourcesBuildPhase;
			buildActionMask = 2147483647;
			files = (
				1767613E2B8A8018001EC050 /* CarbonsaurusUITestsLaunchTests.swift in Sources */,
				1767613C2B8A8018001EC050 /* CarbonsaurusUITests.swift in Sources */,
			);
			runOnlyForDeploymentPostprocessing = 0;
		};
/* End PBXSourcesBuildPhase section */

/* Begin PBXTargetDependency section */
		1767612F2B8A8018001EC050 /* PBXTargetDependency */ = {
			isa = PBXTargetDependency;
			target = 1767611C2B8A8017001EC050 /* Carbonsaurus */;
			targetProxy = 1767612E2B8A8018001EC050 /* PBXContainerItemProxy */;
		};
		176761392B8A8018001EC050 /* PBXTargetDependency */ = {
			isa = PBXTargetDependency;
			target = 1767611C2B8A8017001EC050 /* Carbonsaurus */;
			targetProxy = 176761382B8A8018001EC050 /* PBXContainerItemProxy */;
		};
/* End PBXTargetDependency section */

/* Begin XCBuildConfiguration section */
		1767613F2B8A8018001EC050 /* Debug */ = {
			isa = XCBuildConfiguration;
			buildSettings = {
				ALWAYS_SEARCH_USER_PATHS = NO;
				ASSETCATALOG_COMPILER_GENERATE_SWIFT_ASSET_SYMBOL_EXTENSIONS = YES;
				CLANG_ANALYZER_NONNULL = YES;
				CLANG_ANALYZER_NUMBER_OBJECT_CONVERSION = YES_AGGRESSIVE;
				CLANG_CXX_LANGUAGE_STANDARD = "gnu++20";
				CLANG_ENABLE_MODULES = YES;
				CLANG_ENABLE_OBJC_ARC = YES;
				CLANG_ENABLE_OBJC_WEAK = YES;
				CLANG_WARN_BLOCK_CAPTURE_AUTORELEASING = YES;
				CLANG_WARN_BOOL_CONVERSION = YES;
				CLANG_WARN_COMMA = YES;
				CLANG_WARN_CONSTANT_CONVERSION = YES;
				CLANG_WARN_DEPRECATED_OBJC_IMPLEMENTATIONS = YES;
				CLANG_WARN_DIRECT_OBJC_ISA_USAGE = YES_ERROR;
				CLANG_WARN_DOCUMENTATION_COMMENTS = YES;
				CLANG_WARN_EMPTY_BODY = YES;
				CLANG_WARN_ENUM_CONVERSION = YES;
				CLANG_WARN_INFINITE_RECURSION = YES;
				CLANG_WARN_INT_CONVERSION = YES;
				CLANG_WARN_NON_LITERAL_NULL_CONVERSION = YES;
				CLANG_WARN_OBJC_IMPLICIT_RETAIN_SELF = YES;
				CLANG_WARN_OBJC_LITERAL_CONVERSION = YES;
				CLANG_WARN_OBJC_ROOT_CLASS = YES_ERROR;
				CLANG_WARN_QUOTED_INCLUDE_IN_FRAMEWORK_HEADER = YES;
				CLANG_WARN_RANGE_LOOP_ANALYSIS = YES;
				CLANG_WARN_STRICT_PROTOTYPES = YES;
				CLANG_WARN_SUSPICIOUS_MOVE = YES;
				CLANG_WARN_UNGUARDED_AVAILABILITY = YES_AGGRESSIVE;
				CLANG_WARN_UNREACHABLE_CODE = YES;
				CLANG_WARN__DUPLICATE_METHOD_MATCH = YES;
				COPY_PHASE_STRIP = NO;
				DEBUG_INFORMATION_FORMAT = dwarf;
				ENABLE_STRICT_OBJC_MSGSEND = YES;
				ENABLE_TESTABILITY = YES;
				ENABLE_USER_SCRIPT_SANDBOXING = YES;
				GCC_C_LANGUAGE_STANDARD = gnu17;
				GCC_DYNAMIC_NO_PIC = NO;
				GCC_NO_COMMON_BLOCKS = YES;
				GCC_OPTIMIZATION_LEVEL = 0;
				GCC_PREPROCESSOR_DEFINITIONS = (
					"DEBUG=1",
					"$(inherited)",
				);
				GCC_WARN_64_TO_32_BIT_CONVERSION = YES;
				GCC_WARN_ABOUT_RETURN_TYPE = YES_ERROR;
				GCC_WARN_UNDECLARED_SELECTOR = YES;
				GCC_WARN_UNINITIALIZED_AUTOS = YES_AGGRESSIVE;
				GCC_WARN_UNUSED_FUNCTION = YES;
				GCC_WARN_UNUSED_VARIABLE = YES;
				IPHONEOS_DEPLOYMENT_TARGET = 17.2;
				LOCALIZATION_PREFERS_STRING_CATALOGS = YES;
				MTL_ENABLE_DEBUG_INFO = INCLUDE_SOURCE;
				MTL_FAST_MATH = YES;
				ONLY_ACTIVE_ARCH = YES;
				SDKROOT = iphoneos;
				SWIFT_ACTIVE_COMPILATION_CONDITIONS = "DEBUG $(inherited)";
				SWIFT_OPTIMIZATION_LEVEL = "-Onone";
			};
			name = Debug;
		};
		176761402B8A8018001EC050 /* Release */ = {
			isa = XCBuildConfiguration;
			buildSettings = {
				ALWAYS_SEARCH_USER_PATHS = NO;
				ASSETCATALOG_COMPILER_GENERATE_SWIFT_ASSET_SYMBOL_EXTENSIONS = YES;
				CLANG_ANALYZER_NONNULL = YES;
				CLANG_ANALYZER_NUMBER_OBJECT_CONVERSION = YES_AGGRESSIVE;
				CLANG_CXX_LANGUAGE_STANDARD = "gnu++20";
				CLANG_ENABLE_MODULES = YES;
				CLANG_ENABLE_OBJC_ARC = YES;
				CLANG_ENABLE_OBJC_WEAK = YES;
				CLANG_WARN_BLOCK_CAPTURE_AUTORELEASING = YES;
				CLANG_WARN_BOOL_CONVERSION = YES;
				CLANG_WARN_COMMA = YES;
				CLANG_WARN_CONSTANT_CONVERSION = YES;
				CLANG_WARN_DEPRECATED_OBJC_IMPLEMENTATIONS = YES;
				CLANG_WARN_DIRECT_OBJC_ISA_USAGE = YES_ERROR;
				CLANG_WARN_DOCUMENTATION_COMMENTS = YES;
				CLANG_WARN_EMPTY_BODY = YES;
				CLANG_WARN_ENUM_CONVERSION = YES;
				CLANG_WARN_INFINITE_RECURSION = YES;
				CLANG_WARN_INT_CONVERSION = YES;
				CLANG_WARN_NON_LITERAL_NULL_CONVERSION = YES;
				CLANG_WARN_OBJC_IMPLICIT_RETAIN_SELF = YES;
				CLANG_WARN_OBJC_LITERAL_CONVERSION = YES;
				CLANG_WARN_OBJC_ROOT_CLASS = YES_ERROR;
				CLANG_WARN_QUOTED_INCLUDE_IN_FRAMEWORK_HEADER = YES;
				CLANG_WARN_RANGE_LOOP_ANALYSIS = YES;
				CLANG_WARN_STRICT_PROTOTYPES = YES;
				CLANG_WARN_SUSPICIOUS_MOVE = YES;
				CLANG_WARN_UNGUARDED_AVAILABILITY = YES_AGGRESSIVE;
				CLANG_WARN_UNREACHABLE_CODE = YES;
				CLANG_WARN__DUPLICATE_METHOD_MATCH = YES;
				COPY_PHASE_STRIP = NO;
				DEBUG_INFORMATION_FORMAT = "dwarf-with-dsym";
				ENABLE_NS_ASSERTIONS = NO;
				ENABLE_STRICT_OBJC_MSGSEND = YES;
				ENABLE_USER_SCRIPT_SANDBOXING = YES;
				GCC_C_LANGUAGE_STANDARD = gnu17;
				GCC_NO_COMMON_BLOCKS = YES;
				GCC_WARN_64_TO_32_BIT_CONVERSION = YES;
				GCC_WARN_ABOUT_RETURN_TYPE = YES_ERROR;
				GCC_WARN_UNDECLARED_SELECTOR = YES;
				GCC_WARN_UNINITIALIZED_AUTOS = YES_AGGRESSIVE;
				GCC_WARN_UNUSED_FUNCTION = YES;
				GCC_WARN_UNUSED_VARIABLE = YES;
				IPHONEOS_DEPLOYMENT_TARGET = 17.2;
				LOCALIZATION_PREFERS_STRING_CATALOGS = YES;
				MTL_ENABLE_DEBUG_INFO = NO;
				MTL_FAST_MATH = YES;
				SDKROOT = iphoneos;
				SWIFT_COMPILATION_MODE = wholemodule;
				VALIDATE_PRODUCT = YES;
			};
			name = Release;
		};
		176761422B8A8018001EC050 /* Debug */ = {
			isa = XCBuildConfiguration;
			buildSettings = {
				ASSETCATALOG_COMPILER_APPICON_NAME = AppIcon;
				ASSETCATALOG_COMPILER_GLOBAL_ACCENT_COLOR_NAME = AccentColor;
				CODE_SIGN_STYLE = Automatic;
				CURRENT_PROJECT_VERSION = 1;
				DEVELOPMENT_ASSET_PATHS = "\"Carbonsaurus/Preview Content\"";
				DEVELOPMENT_TEAM = C72D493DTH;
				ENABLE_PREVIEWS = YES;
				GENERATE_INFOPLIST_FILE = YES;
				INFOPLIST_KEY_UIApplicationSceneManifest_Generation = YES;
				INFOPLIST_KEY_UIApplicationSupportsIndirectInputEvents = YES;
				INFOPLIST_KEY_UILaunchScreen_Generation = YES;
				INFOPLIST_KEY_UISupportedInterfaceOrientations_iPad = "UIInterfaceOrientationPortrait UIInterfaceOrientationPortraitUpsideDown UIInterfaceOrientationLandscapeLeft UIInterfaceOrientationLandscapeRight";
				INFOPLIST_KEY_UISupportedInterfaceOrientations_iPhone = "UIInterfaceOrientationPortrait UIInterfaceOrientationLandscapeLeft UIInterfaceOrientationLandscapeRight";
				INFOPLIST_KEY_UIUserInterfaceStyle = Light;
				IPHONEOS_DEPLOYMENT_TARGET = 16.0;
				LD_RUNPATH_SEARCH_PATHS = (
					"$(inherited)",
					"@executable_path/Frameworks",
				);
				MARKETING_VERSION = 1.0;
				PRODUCT_BUNDLE_IDENTIFIER = rowdydinos.Carbonsaurus;
				PRODUCT_NAME = "$(TARGET_NAME)";
				SWIFT_EMIT_LOC_STRINGS = YES;
				SWIFT_VERSION = 5.0;
				TARGETED_DEVICE_FAMILY = "1,2";
			};
			name = Debug;
		};
		176761432B8A8018001EC050 /* Release */ = {
			isa = XCBuildConfiguration;
			buildSettings = {
				ASSETCATALOG_COMPILER_APPICON_NAME = AppIcon;
				ASSETCATALOG_COMPILER_GLOBAL_ACCENT_COLOR_NAME = AccentColor;
				CODE_SIGN_STYLE = Automatic;
				CURRENT_PROJECT_VERSION = 1;
				DEVELOPMENT_ASSET_PATHS = "\"Carbonsaurus/Preview Content\"";
				DEVELOPMENT_TEAM = C72D493DTH;
				ENABLE_PREVIEWS = YES;
				GENERATE_INFOPLIST_FILE = YES;
				INFOPLIST_KEY_UIApplicationSceneManifest_Generation = YES;
				INFOPLIST_KEY_UIApplicationSupportsIndirectInputEvents = YES;
				INFOPLIST_KEY_UILaunchScreen_Generation = YES;
				INFOPLIST_KEY_UISupportedInterfaceOrientations_iPad = "UIInterfaceOrientationPortrait UIInterfaceOrientationPortraitUpsideDown UIInterfaceOrientationLandscapeLeft UIInterfaceOrientationLandscapeRight";
				INFOPLIST_KEY_UISupportedInterfaceOrientations_iPhone = "UIInterfaceOrientationPortrait UIInterfaceOrientationLandscapeLeft UIInterfaceOrientationLandscapeRight";
				INFOPLIST_KEY_UIUserInterfaceStyle = Light;
				IPHONEOS_DEPLOYMENT_TARGET = 16.0;
				LD_RUNPATH_SEARCH_PATHS = (
					"$(inherited)",
					"@executable_path/Frameworks",
				);
				MARKETING_VERSION = 1.0;
				PRODUCT_BUNDLE_IDENTIFIER = rowdydinos.Carbonsaurus;
				PRODUCT_NAME = "$(TARGET_NAME)";
				SWIFT_EMIT_LOC_STRINGS = YES;
				SWIFT_VERSION = 5.0;
				TARGETED_DEVICE_FAMILY = "1,2";
			};
			name = Release;
		};
		176761452B8A8018001EC050 /* Debug */ = {
			isa = XCBuildConfiguration;
			buildSettings = {
				ALWAYS_EMBED_SWIFT_STANDARD_LIBRARIES = YES;
				BUNDLE_LOADER = "$(TEST_HOST)";
				CODE_SIGN_STYLE = Automatic;
				CURRENT_PROJECT_VERSION = 1;
				GENERATE_INFOPLIST_FILE = YES;
				IPHONEOS_DEPLOYMENT_TARGET = 17.2;
				MARKETING_VERSION = 1.0;
				PRODUCT_BUNDLE_IDENTIFIER = rowdydinos.CarbonsaurusTests;
				PRODUCT_NAME = "$(TARGET_NAME)";
				SWIFT_EMIT_LOC_STRINGS = NO;
				SWIFT_VERSION = 5.0;
				TARGETED_DEVICE_FAMILY = "1,2";
				TEST_HOST = "$(BUILT_PRODUCTS_DIR)/Carbonsaurus.app/$(BUNDLE_EXECUTABLE_FOLDER_PATH)/Carbonsaurus";
			};
			name = Debug;
		};
		176761462B8A8018001EC050 /* Release */ = {
			isa = XCBuildConfiguration;
			buildSettings = {
				ALWAYS_EMBED_SWIFT_STANDARD_LIBRARIES = YES;
				BUNDLE_LOADER = "$(TEST_HOST)";
				CODE_SIGN_STYLE = Automatic;
				CURRENT_PROJECT_VERSION = 1;
				GENERATE_INFOPLIST_FILE = YES;
				IPHONEOS_DEPLOYMENT_TARGET = 17.2;
				MARKETING_VERSION = 1.0;
				PRODUCT_BUNDLE_IDENTIFIER = rowdydinos.CarbonsaurusTests;
				PRODUCT_NAME = "$(TARGET_NAME)";
				SWIFT_EMIT_LOC_STRINGS = NO;
				SWIFT_VERSION = 5.0;
				TARGETED_DEVICE_FAMILY = "1,2";
				TEST_HOST = "$(BUILT_PRODUCTS_DIR)/Carbonsaurus.app/$(BUNDLE_EXECUTABLE_FOLDER_PATH)/Carbonsaurus";
			};
			name = Release;
		};
		176761482B8A8018001EC050 /* Debug */ = {
			isa = XCBuildConfiguration;
			buildSettings = {
				ALWAYS_EMBED_SWIFT_STANDARD_LIBRARIES = YES;
				CODE_SIGN_STYLE = Automatic;
				CURRENT_PROJECT_VERSION = 1;
				GENERATE_INFOPLIST_FILE = YES;
				MARKETING_VERSION = 1.0;
				PRODUCT_BUNDLE_IDENTIFIER = rowdydinos.CarbonsaurusUITests;
				PRODUCT_NAME = "$(TARGET_NAME)";
				SWIFT_EMIT_LOC_STRINGS = NO;
				SWIFT_VERSION = 5.0;
				TARGETED_DEVICE_FAMILY = "1,2";
				TEST_TARGET_NAME = Carbonsaurus;
			};
			name = Debug;
		};
		176761492B8A8018001EC050 /* Release */ = {
			isa = XCBuildConfiguration;
			buildSettings = {
				ALWAYS_EMBED_SWIFT_STANDARD_LIBRARIES = YES;
				CODE_SIGN_STYLE = Automatic;
				CURRENT_PROJECT_VERSION = 1;
				GENERATE_INFOPLIST_FILE = YES;
				MARKETING_VERSION = 1.0;
				PRODUCT_BUNDLE_IDENTIFIER = rowdydinos.CarbonsaurusUITests;
				PRODUCT_NAME = "$(TARGET_NAME)";
				SWIFT_EMIT_LOC_STRINGS = NO;
				SWIFT_VERSION = 5.0;
				TARGETED_DEVICE_FAMILY = "1,2";
				TEST_TARGET_NAME = Carbonsaurus;
			};
			name = Release;
		};
/* End XCBuildConfiguration section */

/* Begin XCConfigurationList section */
		176761182B8A8017001EC050 /* Build configuration list for PBXProject "Carbonsaurus" */ = {
			isa = XCConfigurationList;
			buildConfigurations = (
				1767613F2B8A8018001EC050 /* Debug */,
				176761402B8A8018001EC050 /* Release */,
			);
			defaultConfigurationIsVisible = 0;
			defaultConfigurationName = Release;
		};
		176761412B8A8018001EC050 /* Build configuration list for PBXNativeTarget "Carbonsaurus" */ = {
			isa = XCConfigurationList;
			buildConfigurations = (
				176761422B8A8018001EC050 /* Debug */,
				176761432B8A8018001EC050 /* Release */,
			);
			defaultConfigurationIsVisible = 0;
			defaultConfigurationName = Release;
		};
		176761442B8A8018001EC050 /* Build configuration list for PBXNativeTarget "CarbonsaurusTests" */ = {
			isa = XCConfigurationList;
			buildConfigurations = (
				176761452B8A8018001EC050 /* Debug */,
				176761462B8A8018001EC050 /* Release */,
			);
			defaultConfigurationIsVisible = 0;
			defaultConfigurationName = Release;
		};
		176761472B8A8018001EC050 /* Build configuration list for PBXNativeTarget "CarbonsaurusUITests" */ = {
			isa = XCConfigurationList;
			buildConfigurations = (
				176761482B8A8018001EC050 /* Debug */,
				176761492B8A8018001EC050 /* Release */,
			);
			defaultConfigurationIsVisible = 0;
			defaultConfigurationName = Release;
		};
/* End XCConfigurationList section */

/* Begin XCRemoteSwiftPackageReference section */
		C492E6B52B8AF69D00969486 /* XCRemoteSwiftPackageReference "SwiftUI-Shimmer" */ = {
			isa = XCRemoteSwiftPackageReference;
			repositoryURL = "https://github.com/markiv/SwiftUI-Shimmer.git";
			requirement = {
				kind = upToNextMajorVersion;
				minimumVersion = 1.4.2;
			};
		};
		C492E6BA2B8B0F6B00969486 /* XCRemoteSwiftPackageReference "SDWebImageSwiftUI" */ = {
			isa = XCRemoteSwiftPackageReference;
			repositoryURL = "https://github.com/SDWebImage/SDWebImageSwiftUI.git";
			requirement = {
				kind = upToNextMajorVersion;
				minimumVersion = 2.2.6;
			};
		};
/* End XCRemoteSwiftPackageReference section */

/* Begin XCSwiftPackageProductDependency section */
		C492E6B62B8AF69D00969486 /* Shimmer */ = {
			isa = XCSwiftPackageProductDependency;
			package = C492E6B52B8AF69D00969486 /* XCRemoteSwiftPackageReference "SwiftUI-Shimmer" */;
			productName = Shimmer;
		};
		C492E6BB2B8B0F6B00969486 /* SDWebImageSwiftUI */ = {
			isa = XCSwiftPackageProductDependency;
			package = C492E6BA2B8B0F6B00969486 /* XCRemoteSwiftPackageReference "SDWebImageSwiftUI" */;
			productName = SDWebImageSwiftUI;
		};
/* End XCSwiftPackageProductDependency section */
	};
	rootObject = 176761152B8A8017001EC050 /* Project object */;
}
